// !$*UTF8*$!
{
	archiveVersion = 1;
	classes = {
	};
	objectVersion = 46;
	objects = {

/* Begin PBXBuildFile section */
		A603C5D11F8FB3530074F28E /* pat-basic-1069.cpp in Sources */ = {isa = PBXBuildFile; fileRef = A603C5D01F8FB3530074F28E /* pat-basic-1069.cpp */; };
		A6067CE71F46F99100877548 /* pat-basic-1040.cpp in Sources */ = {isa = PBXBuildFile; fileRef = A6067CE61F46F99100877548 /* pat-basic-1040.cpp */; };
		A6067CE91F46FE7600877548 /* pat-basic-1041.cpp in Sources */ = {isa = PBXBuildFile; fileRef = A6067CE81F46FE7600877548 /* pat-basic-1041.cpp */; };
		A6067CEB1F47118500877548 /* pat-basic-1042.cpp in Sources */ = {isa = PBXBuildFile; fileRef = A6067CEA1F47118500877548 /* pat-basic-1042.cpp */; };
		A6067CED1F471A7600877548 /* pat-basic-1043.cpp in Sources */ = {isa = PBXBuildFile; fileRef = A6067CEC1F471A7600877548 /* pat-basic-1043.cpp */; };
		A60899552011FEA3006B5692 /* POJ_1064.cpp in Sources */ = {isa = PBXBuildFile; fileRef = A60899542011FEA3006B5692 /* POJ_1064.cpp */; };
		A608995720121A26006B5692 /* POJ_2456.cpp in Sources */ = {isa = PBXBuildFile; fileRef = A608995620121A26006B5692 /* POJ_2456.cpp */; };
		A60B4C371FB2C6FB00010006 /* POJ_1065.cpp in Sources */ = {isa = PBXBuildFile; fileRef = A60B4C361FB2C6FB00010006 /* POJ_1065.cpp */; };
		A60B4C391FB3504800010006 /* POJ_2385.cpp in Sources */ = {isa = PBXBuildFile; fileRef = A60B4C381FB3504800010006 /* POJ_2385.cpp */; };
		A60B4C3B1FB3E4EA00010006 /* POJ_1631.cpp in Sources */ = {isa = PBXBuildFile; fileRef = A60B4C3A1FB3E4EA00010006 /* POJ_1631.cpp */; };
		A60DA3701F2C20A7002E6C06 /* pat-basic-1023.cpp in Sources */ = {isa = PBXBuildFile; fileRef = A60DA36F1F2C20A7002E6C06 /* pat-basic-1023.cpp */; };
		A60DA3721F2C20B7002E6C06 /* pat-basic-1024.cpp in Sources */ = {isa = PBXBuildFile; fileRef = A60DA3711F2C20B7002E6C06 /* pat-basic-1024.cpp */; };
		A60DA3741F2C4559002E6C06 /* pat-advance-1011.cpp in Sources */ = {isa = PBXBuildFile; fileRef = A60DA3731F2C4559002E6C06 /* pat-advance-1011.cpp */; };
		A60DA3761F2C83E3002E6C06 /* pat-advance-1007.cpp in Sources */ = {isa = PBXBuildFile; fileRef = A60DA3751F2C83E3002E6C06 /* pat-advance-1007.cpp */; };
		A60F890D1F9F527B002CAF71 /* 2017秋集训_P39.cpp in Sources */ = {isa = PBXBuildFile; fileRef = A60F890C1F9F527B002CAF71 /* 2017秋集训_P39.cpp */; };
		A60F890F1F9F52A7002CAF71 /* 2017秋集训_P36.cpp in Sources */ = {isa = PBXBuildFile; fileRef = A60F890E1F9F52A7002CAF71 /* 2017秋集训_P36.cpp */; };
		A60F89111F9F5A0B002CAF71 /* 2017秋集训_P41.cpp in Sources */ = {isa = PBXBuildFile; fileRef = A60F89101F9F5A0B002CAF71 /* 2017秋集训_P41.cpp */; };
		A6135C811FB56CC400559A52 /* bupt_DS_1110_A.cpp in Sources */ = {isa = PBXBuildFile; fileRef = A6135C801FB56CC400559A52 /* bupt_DS_1110_A.cpp */; };
		A61670161F80D5560038D05E /* POJ_3820.cpp in Sources */ = {isa = PBXBuildFile; fileRef = A61670151F80D5560038D05E /* POJ_3820.cpp */; };
		A61670181F8137E90038D05E /* POJ_3766.cpp in Sources */ = {isa = PBXBuildFile; fileRef = A61670171F8137E90038D05E /* POJ_3766.cpp */; };
		A61DFA571F2ED88B00EF8986 /* pat-basic-1026.cpp in Sources */ = {isa = PBXBuildFile; fileRef = A61DFA561F2ED88B00EF8986 /* pat-basic-1026.cpp */; };
		A61EFE211F4C466F000BE258 /* pat-basic-1049.cpp in Sources */ = {isa = PBXBuildFile; fileRef = A61EFE201F4C466F000BE258 /* pat-basic-1049.cpp */; };
		A62200D01FCEF0E0003FF67E /* 2016_蓝桥校选_F.cpp in Sources */ = {isa = PBXBuildFile; fileRef = A62200CF1FCEF0E0003FF67E /* 2016_蓝桥校选_F.cpp */; };
		A62200D21FCEF69E003FF67E /* BJUT_OJ_1009.cpp in Sources */ = {isa = PBXBuildFile; fileRef = A62200D11FCEF69E003FF67E /* BJUT_OJ_1009.cpp */; };
		A62200D41FCEF776003FF67E /* BJUT_OJ_1015.cpp in Sources */ = {isa = PBXBuildFile; fileRef = A62200D31FCEF776003FF67E /* BJUT_OJ_1015.cpp */; };
		A62200D61FCEFDF9003FF67E /* BJUT_OJ_1042.cpp in Sources */ = {isa = PBXBuildFile; fileRef = A62200D51FCEFDF9003FF67E /* BJUT_OJ_1042.cpp */; };
		A62200D81FCEFF90003FF67E /* BJUT_OJ_1019.cpp in Sources */ = {isa = PBXBuildFile; fileRef = A62200D71FCEFF90003FF67E /* BJUT_OJ_1019.cpp */; };
		A62200DA1FCF00D2003FF67E /* BJUT_OJ_1017.cpp in Sources */ = {isa = PBXBuildFile; fileRef = A62200D91FCF00D2003FF67E /* BJUT_OJ_1017.cpp */; };
		A627F7D71EF8044900300B66 /* 1052.cpp in Sources */ = {isa = PBXBuildFile; fileRef = A627F7D61EF8044900300B66 /* 1052.cpp */; };
		A627F7E21EF8088F00300B66 /* 1053.cpp in Sources */ = {isa = PBXBuildFile; fileRef = A627F7E11EF8088F00300B66 /* 1053.cpp */; };
		A627F7E41EF811EE00300B66 /* 1055.cpp in Sources */ = {isa = PBXBuildFile; fileRef = A627F7E31EF811EE00300B66 /* 1055.cpp */; };
		A627F7E61EF92AEB00300B66 /* 1056.cpp in Sources */ = {isa = PBXBuildFile; fileRef = A627F7E51EF92AEB00300B66 /* 1056.cpp */; };
		A627F7E81EF93BE000300B66 /* 1003.cpp in Sources */ = {isa = PBXBuildFile; fileRef = A627F7E71EF93BE000300B66 /* 1003.cpp */; };
		A62887F71F173C1000D05910 /* pat-advance-1005.cpp in Sources */ = {isa = PBXBuildFile; fileRef = A62887F61F173C1000D05910 /* pat-advance-1005.cpp */; };
		A62887F91F1751A000D05910 /* pat-advance-1006.cpp in Sources */ = {isa = PBXBuildFile; fileRef = A62887F81F1751A000D05910 /* pat-advance-1006.cpp */; };
		A62887FB1F175E5500D05910 /* pat-advance-1004.cpp in Sources */ = {isa = PBXBuildFile; fileRef = A62887FA1F175E5500D05910 /* pat-advance-1004.cpp */; };
		A629BEE61FD24CA50014833B /* BJUT_OJ_1042.cpp in Sources */ = {isa = PBXBuildFile; fileRef = A629BEE51FD24CA50014833B /* BJUT_OJ_1042.cpp */; };
		A637EBC41F47EE4900555D1F /* pat-basic-1061.cpp in Sources */ = {isa = PBXBuildFile; fileRef = A637EBC31F47EE4900555D1F /* pat-basic-1061.cpp */; };
		A637EBC61F48117800555D1F /* ccpc-1004.cpp in Sources */ = {isa = PBXBuildFile; fileRef = A637EBC51F48117800555D1F /* ccpc-1004.cpp */; };
		A64255E21F35966000C9DA60 /* pat-advance-1015.cpp in Sources */ = {isa = PBXBuildFile; fileRef = A64255E11F35966000C9DA60 /* pat-advance-1015.cpp */; };
		A6504A311FC3EFBA00726952 /* 2016_蓝桥校选_A.cpp in Sources */ = {isa = PBXBuildFile; fileRef = A6504A301FC3EFBA00726952 /* 2016_蓝桥校选_A.cpp */; };
		A655D7511F5C1EAB00CE7C75 /* turnon_ntfs.cpp in Sources */ = {isa = PBXBuildFile; fileRef = A655D7501F5C1EAB00CE7C75 /* turnon_ntfs.cpp */; };
		A6580EBA1F2898BB00DE9D7B /* pat-basic-1019.cpp in Sources */ = {isa = PBXBuildFile; fileRef = A6580EB91F2898BB00DE9D7B /* pat-basic-1019.cpp */; };
		A65A669F1F4B03A100370503 /* pat-basic-1046.cpp in Sources */ = {isa = PBXBuildFile; fileRef = A65A669E1F4B03A100370503 /* pat-basic-1046.cpp */; };
		A65A66A11F4B067F00370503 /* pat-basic-1047.cpp in Sources */ = {isa = PBXBuildFile; fileRef = A65A66A01F4B067F00370503 /* pat-basic-1047.cpp */; };
		A661BD3C1FC5BA4400D9A398 /* 2016_蓝桥校选_B.cpp in Sources */ = {isa = PBXBuildFile; fileRef = A661BD3B1FC5BA4400D9A398 /* 2016_蓝桥校选_B.cpp */; };
		A661EB7F1F300BDB007E3A6F /* pat-basic-1029.cpp in Sources */ = {isa = PBXBuildFile; fileRef = A661EB7E1F300BDB007E3A6F /* pat-basic-1029.cpp */; };
		A66A33F52012E89B00A918EB /* pat-basic-1064.cpp in Sources */ = {isa = PBXBuildFile; fileRef = A66A33F42012E89B00A918EB /* pat-basic-1064.cpp */; };
		A66A33F72013005E00A918EB /* POJ_3061.cpp in Sources */ = {isa = PBXBuildFile; fileRef = A66A33F62013005E00A918EB /* POJ_3061.cpp */; };
		A66A33F9201311E800A918EB /* BJUT_OJ_1001.cpp in Sources */ = {isa = PBXBuildFile; fileRef = A66A33F8201311E800A918EB /* BJUT_OJ_1001.cpp */; };
		A66A33FB20132A0100A918EB /* BJUT_OJ_1002.cpp in Sources */ = {isa = PBXBuildFile; fileRef = A66A33FA20132A0100A918EB /* BJUT_OJ_1002.cpp */; };
		A66A33FD2013876E00A918EB /* BJUT_OJ_1095.cpp in Sources */ = {isa = PBXBuildFile; fileRef = A66A33FC2013876E00A918EB /* BJUT_OJ_1095.cpp */; };
		A6734F572011DB7A00E881A2 /* pat-basic-1076.cpp in Sources */ = {isa = PBXBuildFile; fileRef = A6734F562011DB7A00E881A2 /* pat-basic-1076.cpp */; };
		A6734F592011E7DC00E881A2 /* pat-basic-1078.cpp in Sources */ = {isa = PBXBuildFile; fileRef = A6734F582011E7DC00E881A2 /* pat-basic-1078.cpp */; };
		A674139D1FEAB01F00086DF5 /* LQ-PREV-21.cpp in Sources */ = {isa = PBXBuildFile; fileRef = A674139C1FEAB01F00086DF5 /* LQ-PREV-21.cpp */; };
		A67978042010D91F00CAA95A /* pat-basic-1060.cpp in Sources */ = {isa = PBXBuildFile; fileRef = A67978032010D91F00CAA95A /* pat-basic-1060.cpp */; };
		A67A08911F9AE74900D0D961 /* 2017秋集训_P34.cpp in Sources */ = {isa = PBXBuildFile; fileRef = A67A08901F9AE74900D0D961 /* 2017秋集训_P34.cpp */; };
		A67A7C132015F63800810BC7 /* BJUT_OJ_1024.cpp in Sources */ = {isa = PBXBuildFile; fileRef = A67A7C122015F63800810BC7 /* BJUT_OJ_1024.cpp */; };
		A67A7C152016100F00810BC7 /* BJUT_OJ_1032.cpp in Sources */ = {isa = PBXBuildFile; fileRef = A67A7C142016100F00810BC7 /* BJUT_OJ_1032.cpp */; };
		A67A9B9F200EF9B4008A776C /* GPLT-L1-002.cpp in Sources */ = {isa = PBXBuildFile; fileRef = A67A9B9E200EF9B4008A776C /* GPLT-L1-002.cpp */; };
		A67A9BA1200EFABE008A776C /* GPLT-L1-003.cpp in Sources */ = {isa = PBXBuildFile; fileRef = A67A9BA0200EFABE008A776C /* GPLT-L1-003.cpp */; };
		A67B42971F1070BB00E9BA66 /* pat-top-1001.cpp in Sources */ = {isa = PBXBuildFile; fileRef = A67B42961F1070BB00E9BA66 /* pat-top-1001.cpp */; };
		A67B42991F10A32C00E9BA66 /* pat-advance-1003.cpp in Sources */ = {isa = PBXBuildFile; fileRef = A67B42981F10A32C00E9BA66 /* pat-advance-1003.cpp */; };
		A67B429B1F10D82000E9BA66 /* pat-advance-1002-2.cpp in Sources */ = {isa = PBXBuildFile; fileRef = A67B429A1F10D82000E9BA66 /* pat-advance-1002-2.cpp */; };
		A68372C61F64EDF8006A8BDC /* 17_icpc_XJ_数论.cpp in Sources */ = {isa = PBXBuildFile; fileRef = A68372C51F64EDF8006A8BDC /* 17_icpc_XJ_数论.cpp */; };
		A68372C81F6507CD006A8BDC /* 2017_icpc_SY_04.cpp in Sources */ = {isa = PBXBuildFile; fileRef = A68372C71F6507CD006A8BDC /* 2017_icpc_SY_04.cpp */; };
		A684D09F1F0DD33D00BC13F0 /* pat-basic-1005.cpp in Sources */ = {isa = PBXBuildFile; fileRef = A684D09E1F0DD33D00BC13F0 /* pat-basic-1005.cpp */; };
		A687F6DF1F5FBB0800D943F7 /* 2017_ICPC_GuangXi_01.cpp in Sources */ = {isa = PBXBuildFile; fileRef = A687F6DE1F5FBB0800D943F7 /* 2017_ICPC_GuangXi_01.cpp */; };
		A687F6E11F6175A900D943F7 /* 2015_ICPC_ShenYang_04.cpp in Sources */ = {isa = PBXBuildFile; fileRef = A687F6E01F6175A900D943F7 /* 2015_ICPC_ShenYang_04.cpp */; };
		A687F6E31F639E4100D943F7 /* 17_icpc_XJ_01.cpp in Sources */ = {isa = PBXBuildFile; fileRef = A687F6E21F639E4100D943F7 /* 17_icpc_XJ_01.cpp */; };
		A68E2ADC1FB68A4900C3AB75 /* POJ_2533.cpp in Sources */ = {isa = PBXBuildFile; fileRef = A68E2ADB1FB68A4900C3AB75 /* POJ_2533.cpp */; };
		A68E80A71F72B4DF00267E6D /* 2017_icpc_qd.cpp in Sources */ = {isa = PBXBuildFile; fileRef = A68E80A61F72B4DF00267E6D /* 2017_icpc_qd.cpp */; };
		A69A266E1F347427001339DF /* pat-basic-1030.cpp in Sources */ = {isa = PBXBuildFile; fileRef = A69A266D1F347427001339DF /* pat-basic-1030.cpp */; };
		A69A72DD1FAB663200612054 /* 2017秋集训_P51.cpp in Sources */ = {isa = PBXBuildFile; fileRef = A69A72DC1FAB663200612054 /* 2017秋集训_P51.cpp */; };
		A69FF2341FA9C3C5003D9CC9 /* 2017秋集训_2001.cpp in Sources */ = {isa = PBXBuildFile; fileRef = A69FF2331FA9C3C5003D9CC9 /* 2017秋集训_2001.cpp */; };
		A69FF2361FA9C424003D9CC9 /* 2017秋集训_2002.cpp in Sources */ = {isa = PBXBuildFile; fileRef = A69FF2351FA9C424003D9CC9 /* 2017秋集训_2002.cpp */; };
		A69FF23A1FA9C4F7003D9CC9 /* bupt_DS_1027_B.cpp in Sources */ = {isa = PBXBuildFile; fileRef = A69FF2391FA9C4F7003D9CC9 /* bupt_DS_1027_B.cpp */; };
		A69FF23C1FA9C554003D9CC9 /* bupt_DS_1027_C.cpp in Sources */ = {isa = PBXBuildFile; fileRef = A69FF23B1FA9C554003D9CC9 /* bupt_DS_1027_C.cpp */; };
		A69FF23E1FA9C5DE003D9CC9 /* POJ_3617.cpp in Sources */ = {isa = PBXBuildFile; fileRef = A69FF23D1FA9C5DE003D9CC9 /* POJ_3617.cpp */; };
		A69FF2401FA9EB1C003D9CC9 /* bupt_DS_1027_E.cpp in Sources */ = {isa = PBXBuildFile; fileRef = A69FF23F1FA9EB1C003D9CC9 /* bupt_DS_1027_E.cpp */; };
		A69FF2421FA9EB5D003D9CC9 /* bupt_1027_DS_D.cpp in Sources */ = {isa = PBXBuildFile; fileRef = A69FF2411FA9EB5D003D9CC9 /* bupt_1027_DS_D.cpp */; };
		A69FF2441FAA0757003D9CC9 /* POJ_2376.cpp in Sources */ = {isa = PBXBuildFile; fileRef = A69FF2431FAA0757003D9CC9 /* POJ_2376.cpp */; };
		A69FF2461FAA322B003D9CC9 /* POJ_3040.cpp in Sources */ = {isa = PBXBuildFile; fileRef = A69FF2451FAA322B003D9CC9 /* POJ_3040.cpp */; };
		A6A004271F4D2A2100B23641 /* pat-basic-1050.cpp in Sources */ = {isa = PBXBuildFile; fileRef = A6A004261F4D2A2100B23641 /* pat-basic-1050.cpp */; };
		A6A2CE051FDAB8A30076EA4F /* BJUT_OJ_1094.cpp in Sources */ = {isa = PBXBuildFile; fileRef = A6A2CE041FDAB8A30076EA4F /* BJUT_OJ_1094.cpp */; };
		A6A2CE071FDAC7A80076EA4F /* BJUT_OJ_1083.cpp in Sources */ = {isa = PBXBuildFile; fileRef = A6A2CE061FDAC7A80076EA4F /* BJUT_OJ_1083.cpp */; };
		A6A2CE0B1FDACDF90076EA4F /* BJUT_OJ_1090.cpp in Sources */ = {isa = PBXBuildFile; fileRef = A6A2CE0A1FDACDF90076EA4F /* BJUT_OJ_1090.cpp */; };
		A6A828F31F7CD145004DA169 /* bjut_oj_新生赛.cpp in Sources */ = {isa = PBXBuildFile; fileRef = A6A828F21F7CD145004DA169 /* bjut_oj_新生赛.cpp */; };
		A6A828F51F7D6DC3004DA169 /* POJ_3988.cpp in Sources */ = {isa = PBXBuildFile; fileRef = A6A828F41F7D6DC3004DA169 /* POJ_3988.cpp */; };
		A6AE9FBD1F456AD30093FC70 /* 百度之星A1.cpp in Sources */ = {isa = PBXBuildFile; fileRef = A6AE9FBC1F456AD30093FC70 /* 百度之星A1.cpp */; };
		A6AE9FBF1F456C280093FC70 /* pat-basic-1038.cpp in Sources */ = {isa = PBXBuildFile; fileRef = A6AE9FBE1F456C280093FC70 /* pat-basic-1038.cpp */; };
		A6AE9FC11F45796F0093FC70 /* pat-basic-1039.cpp in Sources */ = {isa = PBXBuildFile; fileRef = A6AE9FC01F45796F0093FC70 /* pat-basic-1039.cpp */; };
		A6AFD94A1F342D0100E3DCFE /* pat-basic-1027.cpp in Sources */ = {isa = PBXBuildFile; fileRef = A6AFD9491F342D0100E3DCFE /* pat-basic-1027.cpp */; };
		A6B2217B1F18EE84006B24F7 /* pat-basic-1010.cpp in Sources */ = {isa = PBXBuildFile; fileRef = A6B2217A1F18EE84006B24F7 /* pat-basic-1010.cpp */; };
		A6B3F9141FD5339D002923B3 /* BJUT_OJ_1087.cpp in Sources */ = {isa = PBXBuildFile; fileRef = A6B3F9121FD5339D002923B3 /* BJUT_OJ_1087.cpp */; };
		A6B3F9161FD533EC002923B3 /* BJUT_OJ_1091.cpp in Sources */ = {isa = PBXBuildFile; fileRef = A6B3F9151FD533EC002923B3 /* BJUT_OJ_1091.cpp */; };
		A6B4A0761F792FCC00FA14A4 /* 2017_icpc_naning_1.cpp in Sources */ = {isa = PBXBuildFile; fileRef = A6B4A0751F792FCC00FA14A4 /* 2017_icpc_naning_1.cpp */; };
		A6B4A0781F792FFF00FA14A4 /* 2017_icpc_nanning_3.cpp in Sources */ = {isa = PBXBuildFile; fileRef = A6B4A0771F792FFF00FA14A4 /* 2017_icpc_nanning_3.cpp */; };
		A6B4A07A1F794E5300FA14A4 /* pat-basic-1067.cpp in Sources */ = {isa = PBXBuildFile; fileRef = A6B4A0791F794E5200FA14A4 /* pat-basic-1067.cpp */; };
		A6B4CC431F45CE7E0064A3B4 /* pat-basic-1037.cpp in Sources */ = {isa = PBXBuildFile; fileRef = A6B4CC421F45CE7E0064A3B4 /* pat-basic-1037.cpp */; };
		A6B707F61F14C7FB00B243DE /* pat-basic-1008.cpp in Sources */ = {isa = PBXBuildFile; fileRef = A6B707F51F14C7FB00B243DE /* pat-basic-1008.cpp */; };
		A6B707F81F14D21900B243DE /* pat-basic-1009.cpp in Sources */ = {isa = PBXBuildFile; fileRef = A6B707F71F14D21900B243DE /* pat-basic-1009.cpp */; };
		A6B707FA1F15B3BA00B243DE /* pat-basic-1011.cpp in Sources */ = {isa = PBXBuildFile; fileRef = A6B707F91F15B3BA00B243DE /* pat-basic-1011.cpp */; };
		A6B707FC1F15B69F00B243DE /* pat-basic-1012.cpp in Sources */ = {isa = PBXBuildFile; fileRef = A6B707FB1F15B69F00B243DE /* pat-basic-1012.cpp */; };
		A6B707FE1F15C87800B243DE /* pat-basic-1007.cpp in Sources */ = {isa = PBXBuildFile; fileRef = A6B707FD1F15C87800B243DE /* pat-basic-1007.cpp */; };
		A6BF0C3F1F09EC290083A833 /* pat-basic-1004.cpp in Sources */ = {isa = PBXBuildFile; fileRef = A6BF0C3E1F09EC290083A833 /* pat-basic-1004.cpp */; };
		A6BF0C421F0B2D550083A833 /* pat-basic-1001.cpp in Sources */ = {isa = PBXBuildFile; fileRef = A6BF0C401F0B2D550083A833 /* pat-basic-1001.cpp */; };
		A6BF0C481F0B80D40083A833 /* pat-basic-1006.cpp in Sources */ = {isa = PBXBuildFile; fileRef = A6BF0C471F0B80D40083A833 /* pat-basic-1006.cpp */; };
		A6BF0C4A1F0B935F0083A833 /* pat-advance-1001.cpp in Sources */ = {isa = PBXBuildFile; fileRef = A6BF0C491F0B935F0083A833 /* pat-advance-1001.cpp */; };
		A6BF0C4C1F0BA6DD0083A833 /* pat-advance-1002.cpp in Sources */ = {isa = PBXBuildFile; fileRef = A6BF0C4B1F0BA6DD0083A833 /* pat-advance-1002.cpp */; };
		A6BF0C611F0C97D40083A833 /* pat-basic-1003.cpp in Sources */ = {isa = PBXBuildFile; fileRef = A6BF0C601F0C97D40083A833 /* pat-basic-1003.cpp */; };
		A6C017751F55A47F000CC3D8 /* Bash Game.cpp in Sources */ = {isa = PBXBuildFile; fileRef = A6C017741F55A47F000CC3D8 /* Bash Game.cpp */; };
		A6C9FC881FC7146A006CA679 /* 2016_蓝桥校选_D.cpp in Sources */ = {isa = PBXBuildFile; fileRef = A6C9FC871FC7146A006CA679 /* 2016_蓝桥校选_D.cpp */; };
		A6CE48012015B73A004DE045 /* BJUT_OJ_1044.cpp in Sources */ = {isa = PBXBuildFile; fileRef = A6CE48002015B73A004DE045 /* BJUT_OJ_1044.cpp */; };
		A6CFAFDA1F1A152300BFBBD3 /* pat-top-1002.cpp in Sources */ = {isa = PBXBuildFile; fileRef = A6CFAFD91F1A152300BFBBD3 /* pat-top-1002.cpp */; };
		A6D1BDE0201818D600E32915 /* BJUT_OJ_1030.cpp in Sources */ = {isa = PBXBuildFile; fileRef = A6D1BDDF201818D600E32915 /* BJUT_OJ_1030.cpp */; };
		A6D423B61F22F8BE00BF8219 /* pat-basic-1013.cpp in Sources */ = {isa = PBXBuildFile; fileRef = A6D423B51F22F8BE00BF8219 /* pat-basic-1013.cpp */; };
		A6D423B81F22FE7400BF8219 /* pat-basic-1014.cpp in Sources */ = {isa = PBXBuildFile; fileRef = A6D423B71F22FE7400BF8219 /* pat-basic-1014.cpp */; };
		A6D423BA1F23065A00BF8219 /* pat-basic-1016.cpp in Sources */ = {isa = PBXBuildFile; fileRef = A6D423B91F23065A00BF8219 /* pat-basic-1016.cpp */; };
		A6D423BC1F231E9800BF8219 /* pat-basic-1018.cpp in Sources */ = {isa = PBXBuildFile; fileRef = A6D423BB1F231E9800BF8219 /* pat-basic-1018.cpp */; };
		A6D423BE1F2323AF00BF8219 /* pat-basic-1017.cpp in Sources */ = {isa = PBXBuildFile; fileRef = A6D423BD1F2323AF00BF8219 /* pat-basic-1017.cpp */; };
		A6E2A5341FA42719008F9512 /* POJ_3069.cpp in Sources */ = {isa = PBXBuildFile; fileRef = A6E2A5331FA42719008F9512 /* POJ_3069.cpp */; };
		A6E566A81FD0F79A006D7DD3 /* BJUT_OJ_1004.cpp in Sources */ = {isa = PBXBuildFile; fileRef = A6E566A71FD0F79A006D7DD3 /* BJUT_OJ_1004.cpp */; };
		A6E566AA1FD0FAB1006D7DD3 /* BJUT_OJ_1028.cpp in Sources */ = {isa = PBXBuildFile; fileRef = A6E566A91FD0FAB1006D7DD3 /* BJUT_OJ_1028.cpp */; };
		A6E566AC1FD14A7B006D7DD3 /* BJUT_OJ_1093.cpp in Sources */ = {isa = PBXBuildFile; fileRef = A6E566AB1FD14A7B006D7DD3 /* BJUT_OJ_1093.cpp */; };
		A6E566AE1FD14D22006D7DD3 /* BJUT_OJ_1043.cpp in Sources */ = {isa = PBXBuildFile; fileRef = A6E566AD1FD14D22006D7DD3 /* BJUT_OJ_1043.cpp */; };
		A6ED133A1F41ADA700C0026B /* pat-basic-1031.cpp in Sources */ = {isa = PBXBuildFile; fileRef = A6ED13391F41ADA700C0026B /* pat-basic-1031.cpp */; };
		A6ED133C1F41C23000C0026B /* pat-basic-1033.cpp in Sources */ = {isa = PBXBuildFile; fileRef = A6ED133B1F41C23000C0026B /* pat-basic-1033.cpp */; };
		A6ED133E1F41C43C00C0026B /* pat-basic-1032.cpp in Sources */ = {isa = PBXBuildFile; fileRef = A6ED133D1F41C43C00C0026B /* pat-basic-1032.cpp */; };
		A6ED13401F41CB4800C0026B /* pat-basic-1036.cpp in Sources */ = {isa = PBXBuildFile; fileRef = A6ED133F1F41CB4800C0026B /* pat-basic-1036.cpp */; };
		A6F127F6201EAFEA00AB30F2 /* BJUT_OJ_1058.cpp in Sources */ = {isa = PBXBuildFile; fileRef = A6F127F5201EAFEA00AB30F2 /* BJUT_OJ_1058.cpp */; };
		A6F127F8201EB2C300AB30F2 /* BJUT_OJ_1084.cpp in Sources */ = {isa = PBXBuildFile; fileRef = A6F127F7201EB2C300AB30F2 /* BJUT_OJ_1084.cpp */; };
		A6F127FA201EBF8800AB30F2 /* BJUT_OJ_1033.cpp in Sources */ = {isa = PBXBuildFile; fileRef = A6F127F9201EBF8800AB30F2 /* BJUT_OJ_1033.cpp */; };
		A6F127FC201EC40B00AB30F2 /* BJUT_OJ_1016.cpp in Sources */ = {isa = PBXBuildFile; fileRef = A6F127FB201EC40B00AB30F2 /* BJUT_OJ_1016.cpp */; };
		A6F127FE201ECD9A00AB30F2 /* BJUT_OJ_1078.cpp in Sources */ = {isa = PBXBuildFile; fileRef = A6F127FD201ECD9A00AB30F2 /* BJUT_OJ_1078.cpp */; };
		A6F772FE1F2AD5AD00CB1543 /* pat-basic-1020.cpp in Sources */ = {isa = PBXBuildFile; fileRef = A6F772FD1F2AD5AD00CB1543 /* pat-basic-1020.cpp */; };
		A6F773001F2B063F00CB1543 /* pat-basic-1021.cpp in Sources */ = {isa = PBXBuildFile; fileRef = A6F772FF1F2B063F00CB1543 /* pat-basic-1021.cpp */; };
		A6F773021F2B0B6B00CB1543 /* pat-basic-1022.cpp in Sources */ = {isa = PBXBuildFile; fileRef = A6F773011F2B0B6B00CB1543 /* pat-basic-1022.cpp */; };
		A6F98D4D1F56FA8600DA7698 /* pat-basic-1057.cpp in Sources */ = {isa = PBXBuildFile; fileRef = A6F98D4C1F56FA8500DA7698 /* pat-basic-1057.cpp */; };
		A6FBEBB220148BA200F55A5B /* BJUT_OJ_1022.cpp in Sources */ = {isa = PBXBuildFile; fileRef = A6FBEBB120148BA200F55A5B /* BJUT_OJ_1022.cpp */; };
		A6FE87221FB0881100BEC2BA /* POJ_3176.cpp in Sources */ = {isa = PBXBuildFile; fileRef = A6FE87211FB0881100BEC2BA /* POJ_3176.cpp */; };
		A6FE87241FB09AB400BEC2BA /* POJ_1742.cpp in Sources */ = {isa = PBXBuildFile; fileRef = A6FE87231FB09AB400BEC2BA /* POJ_1742.cpp */; };
		A6FE87261FB0A6E800BEC2BA /* pat-basic-1002.cpp in Sources */ = {isa = PBXBuildFile; fileRef = A6FE87251FB0A6E800BEC2BA /* pat-basic-1002.cpp */; };
		A6FF2D8820104FF80069CCF6 /* LQ-2017-B-04.cpp in Sources */ = {isa = PBXBuildFile; fileRef = A6FF2D8720104FF80069CCF6 /* LQ-2017-B-04.cpp */; };
/* End PBXBuildFile section */

/* Begin PBXCopyFilesBuildPhase section */
		A627F7D11EF8044900300B66 /* CopyFiles */ = {
			isa = PBXCopyFilesBuildPhase;
			buildActionMask = 2147483647;
			dstPath = /usr/share/man/man1/;
			dstSubfolderSpec = 0;
			files = (
			);
			runOnlyForDeploymentPostprocessing = 1;
		};
/* End PBXCopyFilesBuildPhase section */

/* Begin PBXFileReference section */
		A603C5D01F8FB3530074F28E /* pat-basic-1069.cpp */ = {isa = PBXFileReference; fileEncoding = 4; lastKnownFileType = sourcecode.cpp.cpp; path = "pat-basic-1069.cpp"; sourceTree = "<group>"; };
		A6067CE61F46F99100877548 /* pat-basic-1040.cpp */ = {isa = PBXFileReference; fileEncoding = 4; lastKnownFileType = sourcecode.cpp.cpp; path = "pat-basic-1040.cpp"; sourceTree = "<group>"; };
		A6067CE81F46FE7600877548 /* pat-basic-1041.cpp */ = {isa = PBXFileReference; fileEncoding = 4; lastKnownFileType = sourcecode.cpp.cpp; path = "pat-basic-1041.cpp"; sourceTree = "<group>"; };
		A6067CEA1F47118500877548 /* pat-basic-1042.cpp */ = {isa = PBXFileReference; fileEncoding = 4; lastKnownFileType = sourcecode.cpp.cpp; path = "pat-basic-1042.cpp"; sourceTree = "<group>"; };
		A6067CEC1F471A7600877548 /* pat-basic-1043.cpp */ = {isa = PBXFileReference; fileEncoding = 4; lastKnownFileType = sourcecode.cpp.cpp; path = "pat-basic-1043.cpp"; sourceTree = "<group>"; };
		A60899542011FEA3006B5692 /* POJ_1064.cpp */ = {isa = PBXFileReference; fileEncoding = 4; lastKnownFileType = sourcecode.cpp.cpp; path = POJ_1064.cpp; sourceTree = "<group>"; };
		A608995620121A26006B5692 /* POJ_2456.cpp */ = {isa = PBXFileReference; fileEncoding = 4; lastKnownFileType = sourcecode.cpp.cpp; path = POJ_2456.cpp; sourceTree = "<group>"; };
		A60B4C361FB2C6FB00010006 /* POJ_1065.cpp */ = {isa = PBXFileReference; fileEncoding = 4; lastKnownFileType = sourcecode.cpp.cpp; path = POJ_1065.cpp; sourceTree = "<group>"; };
		A60B4C381FB3504800010006 /* POJ_2385.cpp */ = {isa = PBXFileReference; fileEncoding = 4; lastKnownFileType = sourcecode.cpp.cpp; path = POJ_2385.cpp; sourceTree = "<group>"; };
		A60B4C3A1FB3E4EA00010006 /* POJ_1631.cpp */ = {isa = PBXFileReference; fileEncoding = 4; lastKnownFileType = sourcecode.cpp.cpp; path = POJ_1631.cpp; sourceTree = "<group>"; };
		A60DA36F1F2C20A7002E6C06 /* pat-basic-1023.cpp */ = {isa = PBXFileReference; fileEncoding = 4; lastKnownFileType = sourcecode.cpp.cpp; path = "pat-basic-1023.cpp"; sourceTree = "<group>"; };
		A60DA3711F2C20B7002E6C06 /* pat-basic-1024.cpp */ = {isa = PBXFileReference; fileEncoding = 4; lastKnownFileType = sourcecode.cpp.cpp; path = "pat-basic-1024.cpp"; sourceTree = "<group>"; };
		A60DA3731F2C4559002E6C06 /* pat-advance-1011.cpp */ = {isa = PBXFileReference; fileEncoding = 4; lastKnownFileType = sourcecode.cpp.cpp; path = "pat-advance-1011.cpp"; sourceTree = "<group>"; };
		A60DA3751F2C83E3002E6C06 /* pat-advance-1007.cpp */ = {isa = PBXFileReference; fileEncoding = 4; lastKnownFileType = sourcecode.cpp.cpp; path = "pat-advance-1007.cpp"; sourceTree = "<group>"; };
		A60F890C1F9F527B002CAF71 /* 2017秋集训_P39.cpp */ = {isa = PBXFileReference; fileEncoding = 4; lastKnownFileType = sourcecode.cpp.cpp; path = "2017秋集训_P39.cpp"; sourceTree = "<group>"; };
		A60F890E1F9F52A7002CAF71 /* 2017秋集训_P36.cpp */ = {isa = PBXFileReference; fileEncoding = 4; lastKnownFileType = sourcecode.cpp.cpp; path = "2017秋集训_P36.cpp"; sourceTree = "<group>"; };
		A60F89101F9F5A0B002CAF71 /* 2017秋集训_P41.cpp */ = {isa = PBXFileReference; fileEncoding = 4; lastKnownFileType = sourcecode.cpp.cpp; path = "2017秋集训_P41.cpp"; sourceTree = "<group>"; };
		A6135C801FB56CC400559A52 /* bupt_DS_1110_A.cpp */ = {isa = PBXFileReference; fileEncoding = 4; lastKnownFileType = sourcecode.cpp.cpp; path = bupt_DS_1110_A.cpp; sourceTree = "<group>"; };
		A61670151F80D5560038D05E /* POJ_3820.cpp */ = {isa = PBXFileReference; fileEncoding = 4; lastKnownFileType = sourcecode.cpp.cpp; path = POJ_3820.cpp; sourceTree = "<group>"; };
		A61670171F8137E90038D05E /* POJ_3766.cpp */ = {isa = PBXFileReference; fileEncoding = 4; lastKnownFileType = sourcecode.cpp.cpp; path = POJ_3766.cpp; sourceTree = "<group>"; };
		A61DFA561F2ED88B00EF8986 /* pat-basic-1026.cpp */ = {isa = PBXFileReference; fileEncoding = 4; lastKnownFileType = sourcecode.cpp.cpp; path = "pat-basic-1026.cpp"; sourceTree = "<group>"; };
		A61EFE201F4C466F000BE258 /* pat-basic-1049.cpp */ = {isa = PBXFileReference; fileEncoding = 4; lastKnownFileType = sourcecode.cpp.cpp; path = "pat-basic-1049.cpp"; sourceTree = "<group>"; };
		A62200CF1FCEF0E0003FF67E /* 2016_蓝桥校选_F.cpp */ = {isa = PBXFileReference; fileEncoding = 4; lastKnownFileType = sourcecode.cpp.cpp; path = "2016_蓝桥校选_F.cpp"; sourceTree = "<group>"; };
		A62200D11FCEF69E003FF67E /* BJUT_OJ_1009.cpp */ = {isa = PBXFileReference; fileEncoding = 4; lastKnownFileType = sourcecode.cpp.cpp; path = BJUT_OJ_1009.cpp; sourceTree = "<group>"; };
		A62200D31FCEF776003FF67E /* BJUT_OJ_1015.cpp */ = {isa = PBXFileReference; fileEncoding = 4; lastKnownFileType = sourcecode.cpp.cpp; path = BJUT_OJ_1015.cpp; sourceTree = "<group>"; };
		A62200D51FCEFDF9003FF67E /* BJUT_OJ_1042.cpp */ = {isa = PBXFileReference; fileEncoding = 4; lastKnownFileType = sourcecode.cpp.cpp; path = BJUT_OJ_1042.cpp; sourceTree = "<group>"; };
		A62200D71FCEFF90003FF67E /* BJUT_OJ_1019.cpp */ = {isa = PBXFileReference; fileEncoding = 4; lastKnownFileType = sourcecode.cpp.cpp; path = BJUT_OJ_1019.cpp; sourceTree = "<group>"; };
		A62200D91FCF00D2003FF67E /* BJUT_OJ_1017.cpp */ = {isa = PBXFileReference; fileEncoding = 4; lastKnownFileType = sourcecode.cpp.cpp; path = BJUT_OJ_1017.cpp; sourceTree = "<group>"; };
		A627F7D31EF8044900300B66 /* ACM */ = {isa = PBXFileReference; explicitFileType = "compiled.mach-o.executable"; includeInIndex = 0; path = ACM; sourceTree = BUILT_PRODUCTS_DIR; };
		A627F7D61EF8044900300B66 /* 1052.cpp */ = {isa = PBXFileReference; lastKnownFileType = sourcecode.cpp.cpp; path = 1052.cpp; sourceTree = "<group>"; };
		A627F7E11EF8088F00300B66 /* 1053.cpp */ = {isa = PBXFileReference; fileEncoding = 4; lastKnownFileType = sourcecode.cpp.cpp; path = 1053.cpp; sourceTree = "<group>"; };
		A627F7E31EF811EE00300B66 /* 1055.cpp */ = {isa = PBXFileReference; fileEncoding = 4; lastKnownFileType = sourcecode.cpp.cpp; path = 1055.cpp; sourceTree = "<group>"; };
		A627F7E51EF92AEB00300B66 /* 1056.cpp */ = {isa = PBXFileReference; fileEncoding = 4; lastKnownFileType = sourcecode.cpp.cpp; path = 1056.cpp; sourceTree = "<group>"; };
		A627F7E71EF93BE000300B66 /* 1003.cpp */ = {isa = PBXFileReference; fileEncoding = 4; lastKnownFileType = sourcecode.cpp.cpp; path = 1003.cpp; sourceTree = "<group>"; };
		A62887F61F173C1000D05910 /* pat-advance-1005.cpp */ = {isa = PBXFileReference; fileEncoding = 4; lastKnownFileType = sourcecode.cpp.cpp; path = "pat-advance-1005.cpp"; sourceTree = "<group>"; };
		A62887F81F1751A000D05910 /* pat-advance-1006.cpp */ = {isa = PBXFileReference; fileEncoding = 4; lastKnownFileType = sourcecode.cpp.cpp; path = "pat-advance-1006.cpp"; sourceTree = "<group>"; };
		A62887FA1F175E5500D05910 /* pat-advance-1004.cpp */ = {isa = PBXFileReference; fileEncoding = 4; lastKnownFileType = sourcecode.cpp.cpp; path = "pat-advance-1004.cpp"; sourceTree = "<group>"; };
		A629BEE51FD24CA50014833B /* BJUT_OJ_1042.cpp */ = {isa = PBXFileReference; fileEncoding = 4; lastKnownFileType = sourcecode.cpp.cpp; path = BJUT_OJ_1042.cpp; sourceTree = "<group>"; };
		A637EBC31F47EE4900555D1F /* pat-basic-1061.cpp */ = {isa = PBXFileReference; fileEncoding = 4; lastKnownFileType = sourcecode.cpp.cpp; path = "pat-basic-1061.cpp"; sourceTree = "<group>"; };
		A637EBC51F48117800555D1F /* ccpc-1004.cpp */ = {isa = PBXFileReference; fileEncoding = 4; lastKnownFileType = sourcecode.cpp.cpp; path = "ccpc-1004.cpp"; sourceTree = "<group>"; };
		A64255E11F35966000C9DA60 /* pat-advance-1015.cpp */ = {isa = PBXFileReference; fileEncoding = 4; lastKnownFileType = sourcecode.cpp.cpp; path = "pat-advance-1015.cpp"; sourceTree = "<group>"; };
		A6504A301FC3EFBA00726952 /* 2016_蓝桥校选_A.cpp */ = {isa = PBXFileReference; fileEncoding = 4; lastKnownFileType = sourcecode.cpp.cpp; path = "2016_蓝桥校选_A.cpp"; sourceTree = "<group>"; };
		A655D7501F5C1EAB00CE7C75 /* turnon_ntfs.cpp */ = {isa = PBXFileReference; fileEncoding = 4; lastKnownFileType = sourcecode.cpp.cpp; path = turnon_ntfs.cpp; sourceTree = "<group>"; };
		A6580EB91F2898BB00DE9D7B /* pat-basic-1019.cpp */ = {isa = PBXFileReference; fileEncoding = 4; lastKnownFileType = sourcecode.cpp.cpp; path = "pat-basic-1019.cpp"; sourceTree = "<group>"; };
		A65A669E1F4B03A100370503 /* pat-basic-1046.cpp */ = {isa = PBXFileReference; fileEncoding = 4; lastKnownFileType = sourcecode.cpp.cpp; path = "pat-basic-1046.cpp"; sourceTree = "<group>"; };
		A65A66A01F4B067F00370503 /* pat-basic-1047.cpp */ = {isa = PBXFileReference; fileEncoding = 4; lastKnownFileType = sourcecode.cpp.cpp; path = "pat-basic-1047.cpp"; sourceTree = "<group>"; };
		A661BD3B1FC5BA4400D9A398 /* 2016_蓝桥校选_B.cpp */ = {isa = PBXFileReference; fileEncoding = 4; lastKnownFileType = sourcecode.cpp.cpp; path = "2016_蓝桥校选_B.cpp"; sourceTree = "<group>"; };
		A661EB7E1F300BDB007E3A6F /* pat-basic-1029.cpp */ = {isa = PBXFileReference; fileEncoding = 4; lastKnownFileType = sourcecode.cpp.cpp; path = "pat-basic-1029.cpp"; sourceTree = "<group>"; };
		A66A33F42012E89B00A918EB /* pat-basic-1064.cpp */ = {isa = PBXFileReference; fileEncoding = 4; lastKnownFileType = sourcecode.cpp.cpp; path = "pat-basic-1064.cpp"; sourceTree = "<group>"; };
		A66A33F62013005E00A918EB /* POJ_3061.cpp */ = {isa = PBXFileReference; fileEncoding = 4; lastKnownFileType = sourcecode.cpp.cpp; path = POJ_3061.cpp; sourceTree = "<group>"; };
		A66A33F8201311E800A918EB /* BJUT_OJ_1001.cpp */ = {isa = PBXFileReference; fileEncoding = 4; lastKnownFileType = sourcecode.cpp.cpp; path = BJUT_OJ_1001.cpp; sourceTree = "<group>"; };
		A66A33FA20132A0100A918EB /* BJUT_OJ_1002.cpp */ = {isa = PBXFileReference; fileEncoding = 4; lastKnownFileType = sourcecode.cpp.cpp; path = BJUT_OJ_1002.cpp; sourceTree = "<group>"; };
		A66A33FC2013876E00A918EB /* BJUT_OJ_1095.cpp */ = {isa = PBXFileReference; fileEncoding = 4; lastKnownFileType = sourcecode.cpp.cpp; path = BJUT_OJ_1095.cpp; sourceTree = "<group>"; };
		A6734F562011DB7A00E881A2 /* pat-basic-1076.cpp */ = {isa = PBXFileReference; fileEncoding = 4; lastKnownFileType = sourcecode.cpp.cpp; path = "pat-basic-1076.cpp"; sourceTree = "<group>"; };
		A6734F582011E7DC00E881A2 /* pat-basic-1078.cpp */ = {isa = PBXFileReference; fileEncoding = 4; lastKnownFileType = sourcecode.cpp.cpp; path = "pat-basic-1078.cpp"; sourceTree = "<group>"; };
		A674139C1FEAB01F00086DF5 /* LQ-PREV-21.cpp */ = {isa = PBXFileReference; fileEncoding = 4; lastKnownFileType = sourcecode.cpp.cpp; path = "LQ-PREV-21.cpp"; sourceTree = "<group>"; };
		A67978032010D91F00CAA95A /* pat-basic-1060.cpp */ = {isa = PBXFileReference; fileEncoding = 4; lastKnownFileType = sourcecode.cpp.cpp; path = "pat-basic-1060.cpp"; sourceTree = "<group>"; };
		A67A08901F9AE74900D0D961 /* 2017秋集训_P34.cpp */ = {isa = PBXFileReference; fileEncoding = 4; lastKnownFileType = sourcecode.cpp.cpp; path = "2017秋集训_P34.cpp"; sourceTree = "<group>"; };
		A67A7C122015F63800810BC7 /* BJUT_OJ_1024.cpp */ = {isa = PBXFileReference; fileEncoding = 4; lastKnownFileType = sourcecode.cpp.cpp; path = BJUT_OJ_1024.cpp; sourceTree = "<group>"; };
		A67A7C142016100F00810BC7 /* BJUT_OJ_1032.cpp */ = {isa = PBXFileReference; fileEncoding = 4; lastKnownFileType = sourcecode.cpp.cpp; path = BJUT_OJ_1032.cpp; sourceTree = "<group>"; };
		A67A9B9E200EF9B4008A776C /* GPLT-L1-002.cpp */ = {isa = PBXFileReference; fileEncoding = 4; lastKnownFileType = sourcecode.cpp.cpp; path = "GPLT-L1-002.cpp"; sourceTree = "<group>"; };
		A67A9BA0200EFABE008A776C /* GPLT-L1-003.cpp */ = {isa = PBXFileReference; fileEncoding = 4; lastKnownFileType = sourcecode.cpp.cpp; path = "GPLT-L1-003.cpp"; sourceTree = "<group>"; };
		A67B42961F1070BB00E9BA66 /* pat-top-1001.cpp */ = {isa = PBXFileReference; fileEncoding = 4; lastKnownFileType = sourcecode.cpp.cpp; path = "pat-top-1001.cpp"; sourceTree = "<group>"; };
		A67B42981F10A32C00E9BA66 /* pat-advance-1003.cpp */ = {isa = PBXFileReference; fileEncoding = 4; lastKnownFileType = sourcecode.cpp.cpp; path = "pat-advance-1003.cpp"; sourceTree = "<group>"; };
		A67B429A1F10D82000E9BA66 /* pat-advance-1002-2.cpp */ = {isa = PBXFileReference; fileEncoding = 4; lastKnownFileType = sourcecode.cpp.cpp; path = "pat-advance-1002-2.cpp"; sourceTree = "<group>"; };
		A68372C51F64EDF8006A8BDC /* 17_icpc_XJ_数论.cpp */ = {isa = PBXFileReference; fileEncoding = 4; lastKnownFileType = sourcecode.cpp.cpp; path = "17_icpc_XJ_数论.cpp"; sourceTree = "<group>"; };
		A68372C71F6507CD006A8BDC /* 2017_icpc_SY_04.cpp */ = {isa = PBXFileReference; fileEncoding = 4; lastKnownFileType = sourcecode.cpp.cpp; path = 2017_icpc_SY_04.cpp; sourceTree = "<group>"; };
		A684D09E1F0DD33D00BC13F0 /* pat-basic-1005.cpp */ = {isa = PBXFileReference; fileEncoding = 4; lastKnownFileType = sourcecode.cpp.cpp; path = "pat-basic-1005.cpp"; sourceTree = "<group>"; };
		A687F6DE1F5FBB0800D943F7 /* 2017_ICPC_GuangXi_01.cpp */ = {isa = PBXFileReference; fileEncoding = 4; lastKnownFileType = sourcecode.cpp.cpp; path = 2017_ICPC_GuangXi_01.cpp; sourceTree = "<group>"; };
		A687F6E01F6175A900D943F7 /* 2015_ICPC_ShenYang_04.cpp */ = {isa = PBXFileReference; fileEncoding = 4; lastKnownFileType = sourcecode.cpp.cpp; path = 2015_ICPC_ShenYang_04.cpp; sourceTree = "<group>"; };
		A687F6E21F639E4100D943F7 /* 17_icpc_XJ_01.cpp */ = {isa = PBXFileReference; fileEncoding = 4; lastKnownFileType = sourcecode.cpp.cpp; path = 17_icpc_XJ_01.cpp; sourceTree = "<group>"; };
		A68E2ADB1FB68A4900C3AB75 /* POJ_2533.cpp */ = {isa = PBXFileReference; fileEncoding = 4; lastKnownFileType = sourcecode.cpp.cpp; path = POJ_2533.cpp; sourceTree = "<group>"; };
		A68E80A61F72B4DF00267E6D /* 2017_icpc_qd.cpp */ = {isa = PBXFileReference; fileEncoding = 4; lastKnownFileType = sourcecode.cpp.cpp; path = 2017_icpc_qd.cpp; sourceTree = "<group>"; };
		A69A266D1F347427001339DF /* pat-basic-1030.cpp */ = {isa = PBXFileReference; fileEncoding = 4; lastKnownFileType = sourcecode.cpp.cpp; path = "pat-basic-1030.cpp"; sourceTree = "<group>"; };
		A69A72DC1FAB663200612054 /* 2017秋集训_P51.cpp */ = {isa = PBXFileReference; fileEncoding = 4; lastKnownFileType = sourcecode.cpp.cpp; path = "2017秋集训_P51.cpp"; sourceTree = "<group>"; };
		A69FF2331FA9C3C5003D9CC9 /* 2017秋集训_2001.cpp */ = {isa = PBXFileReference; fileEncoding = 4; lastKnownFileType = sourcecode.cpp.cpp; path = "2017秋集训_2001.cpp"; sourceTree = "<group>"; };
		A69FF2351FA9C424003D9CC9 /* 2017秋集训_2002.cpp */ = {isa = PBXFileReference; fileEncoding = 4; lastKnownFileType = sourcecode.cpp.cpp; path = "2017秋集训_2002.cpp"; sourceTree = "<group>"; };
		A69FF2391FA9C4F7003D9CC9 /* bupt_DS_1027_B.cpp */ = {isa = PBXFileReference; fileEncoding = 4; lastKnownFileType = sourcecode.cpp.cpp; path = bupt_DS_1027_B.cpp; sourceTree = "<group>"; };
		A69FF23B1FA9C554003D9CC9 /* bupt_DS_1027_C.cpp */ = {isa = PBXFileReference; fileEncoding = 4; lastKnownFileType = sourcecode.cpp.cpp; path = bupt_DS_1027_C.cpp; sourceTree = "<group>"; };
		A69FF23D1FA9C5DE003D9CC9 /* POJ_3617.cpp */ = {isa = PBXFileReference; fileEncoding = 4; lastKnownFileType = sourcecode.cpp.cpp; path = POJ_3617.cpp; sourceTree = "<group>"; };
		A69FF23F1FA9EB1C003D9CC9 /* bupt_DS_1027_E.cpp */ = {isa = PBXFileReference; fileEncoding = 4; lastKnownFileType = sourcecode.cpp.cpp; path = bupt_DS_1027_E.cpp; sourceTree = "<group>"; };
		A69FF2411FA9EB5D003D9CC9 /* bupt_1027_DS_D.cpp */ = {isa = PBXFileReference; fileEncoding = 4; lastKnownFileType = sourcecode.cpp.cpp; path = bupt_1027_DS_D.cpp; sourceTree = "<group>"; };
		A69FF2431FAA0757003D9CC9 /* POJ_2376.cpp */ = {isa = PBXFileReference; fileEncoding = 4; lastKnownFileType = sourcecode.cpp.cpp; path = POJ_2376.cpp; sourceTree = "<group>"; };
		A69FF2451FAA322B003D9CC9 /* POJ_3040.cpp */ = {isa = PBXFileReference; fileEncoding = 4; lastKnownFileType = sourcecode.cpp.cpp; path = POJ_3040.cpp; sourceTree = "<group>"; };
		A6A004261F4D2A2100B23641 /* pat-basic-1050.cpp */ = {isa = PBXFileReference; fileEncoding = 4; lastKnownFileType = sourcecode.cpp.cpp; path = "pat-basic-1050.cpp"; sourceTree = "<group>"; };
		A6A2CE041FDAB8A30076EA4F /* BJUT_OJ_1094.cpp */ = {isa = PBXFileReference; fileEncoding = 4; lastKnownFileType = sourcecode.cpp.cpp; path = BJUT_OJ_1094.cpp; sourceTree = "<group>"; };
		A6A2CE061FDAC7A80076EA4F /* BJUT_OJ_1083.cpp */ = {isa = PBXFileReference; fileEncoding = 4; lastKnownFileType = sourcecode.cpp.cpp; path = BJUT_OJ_1083.cpp; sourceTree = "<group>"; };
		A6A2CE0A1FDACDF90076EA4F /* BJUT_OJ_1090.cpp */ = {isa = PBXFileReference; fileEncoding = 4; lastKnownFileType = sourcecode.cpp.cpp; path = BJUT_OJ_1090.cpp; sourceTree = "<group>"; };
		A6A828F21F7CD145004DA169 /* bjut_oj_新生赛.cpp */ = {isa = PBXFileReference; fileEncoding = 4; lastKnownFileType = sourcecode.cpp.cpp; path = "bjut_oj_新生赛.cpp"; sourceTree = "<group>"; };
		A6A828F41F7D6DC3004DA169 /* POJ_3988.cpp */ = {isa = PBXFileReference; fileEncoding = 4; lastKnownFileType = sourcecode.cpp.cpp; path = POJ_3988.cpp; sourceTree = "<group>"; };
		A6AE9FBC1F456AD30093FC70 /* 百度之星A1.cpp */ = {isa = PBXFileReference; fileEncoding = 4; lastKnownFileType = sourcecode.cpp.cpp; path = "百度之星A1.cpp"; sourceTree = "<group>"; };
		A6AE9FBE1F456C280093FC70 /* pat-basic-1038.cpp */ = {isa = PBXFileReference; fileEncoding = 4; lastKnownFileType = sourcecode.cpp.cpp; path = "pat-basic-1038.cpp"; sourceTree = "<group>"; };
		A6AE9FC01F45796F0093FC70 /* pat-basic-1039.cpp */ = {isa = PBXFileReference; fileEncoding = 4; lastKnownFileType = sourcecode.cpp.cpp; path = "pat-basic-1039.cpp"; sourceTree = "<group>"; };
		A6AFD9491F342D0100E3DCFE /* pat-basic-1027.cpp */ = {isa = PBXFileReference; fileEncoding = 4; lastKnownFileType = sourcecode.cpp.cpp; path = "pat-basic-1027.cpp"; sourceTree = "<group>"; };
		A6B2217A1F18EE84006B24F7 /* pat-basic-1010.cpp */ = {isa = PBXFileReference; fileEncoding = 4; lastKnownFileType = sourcecode.cpp.cpp; path = "pat-basic-1010.cpp"; sourceTree = "<group>"; };
		A6B3F9121FD5339D002923B3 /* BJUT_OJ_1087.cpp */ = {isa = PBXFileReference; fileEncoding = 4; lastKnownFileType = sourcecode.cpp.cpp; path = BJUT_OJ_1087.cpp; sourceTree = "<group>"; };
		A6B3F9151FD533EC002923B3 /* BJUT_OJ_1091.cpp */ = {isa = PBXFileReference; fileEncoding = 4; lastKnownFileType = sourcecode.cpp.cpp; path = BJUT_OJ_1091.cpp; sourceTree = "<group>"; };
		A6B4A0751F792FCC00FA14A4 /* 2017_icpc_naning_1.cpp */ = {isa = PBXFileReference; fileEncoding = 4; lastKnownFileType = sourcecode.cpp.cpp; path = 2017_icpc_naning_1.cpp; sourceTree = "<group>"; };
		A6B4A0771F792FFF00FA14A4 /* 2017_icpc_nanning_3.cpp */ = {isa = PBXFileReference; fileEncoding = 4; lastKnownFileType = sourcecode.cpp.cpp; path = 2017_icpc_nanning_3.cpp; sourceTree = "<group>"; };
		A6B4A0791F794E5200FA14A4 /* pat-basic-1067.cpp */ = {isa = PBXFileReference; fileEncoding = 4; lastKnownFileType = sourcecode.cpp.cpp; path = "pat-basic-1067.cpp"; sourceTree = "<group>"; };
		A6B4CC421F45CE7E0064A3B4 /* pat-basic-1037.cpp */ = {isa = PBXFileReference; fileEncoding = 4; lastKnownFileType = sourcecode.cpp.cpp; path = "pat-basic-1037.cpp"; sourceTree = "<group>"; };
		A6B707F51F14C7FB00B243DE /* pat-basic-1008.cpp */ = {isa = PBXFileReference; fileEncoding = 4; lastKnownFileType = sourcecode.cpp.cpp; path = "pat-basic-1008.cpp"; sourceTree = "<group>"; };
		A6B707F71F14D21900B243DE /* pat-basic-1009.cpp */ = {isa = PBXFileReference; fileEncoding = 4; lastKnownFileType = sourcecode.cpp.cpp; path = "pat-basic-1009.cpp"; sourceTree = "<group>"; };
		A6B707F91F15B3BA00B243DE /* pat-basic-1011.cpp */ = {isa = PBXFileReference; fileEncoding = 4; lastKnownFileType = sourcecode.cpp.cpp; path = "pat-basic-1011.cpp"; sourceTree = "<group>"; };
		A6B707FB1F15B69F00B243DE /* pat-basic-1012.cpp */ = {isa = PBXFileReference; fileEncoding = 4; lastKnownFileType = sourcecode.cpp.cpp; path = "pat-basic-1012.cpp"; sourceTree = "<group>"; };
		A6B707FD1F15C87800B243DE /* pat-basic-1007.cpp */ = {isa = PBXFileReference; fileEncoding = 4; lastKnownFileType = sourcecode.cpp.cpp; path = "pat-basic-1007.cpp"; sourceTree = "<group>"; };
		A6BF0C3E1F09EC290083A833 /* pat-basic-1004.cpp */ = {isa = PBXFileReference; fileEncoding = 4; lastKnownFileType = sourcecode.cpp.cpp; path = "pat-basic-1004.cpp"; sourceTree = "<group>"; };
		A6BF0C401F0B2D550083A833 /* pat-basic-1001.cpp */ = {isa = PBXFileReference; fileEncoding = 4; lastKnownFileType = sourcecode.cpp.cpp; path = "pat-basic-1001.cpp"; sourceTree = "<group>"; };
		A6BF0C471F0B80D40083A833 /* pat-basic-1006.cpp */ = {isa = PBXFileReference; fileEncoding = 4; lastKnownFileType = sourcecode.cpp.cpp; path = "pat-basic-1006.cpp"; sourceTree = "<group>"; };
		A6BF0C491F0B935F0083A833 /* pat-advance-1001.cpp */ = {isa = PBXFileReference; fileEncoding = 4; lastKnownFileType = sourcecode.cpp.cpp; path = "pat-advance-1001.cpp"; sourceTree = "<group>"; };
		A6BF0C4B1F0BA6DD0083A833 /* pat-advance-1002.cpp */ = {isa = PBXFileReference; fileEncoding = 4; lastKnownFileType = sourcecode.cpp.cpp; path = "pat-advance-1002.cpp"; sourceTree = "<group>"; };
		A6BF0C601F0C97D40083A833 /* pat-basic-1003.cpp */ = {isa = PBXFileReference; fileEncoding = 4; lastKnownFileType = sourcecode.cpp.cpp; path = "pat-basic-1003.cpp"; sourceTree = "<group>"; };
		A6C017741F55A47F000CC3D8 /* Bash Game.cpp */ = {isa = PBXFileReference; fileEncoding = 4; lastKnownFileType = sourcecode.cpp.cpp; path = "Bash Game.cpp"; sourceTree = "<group>"; };
		A6C9FC871FC7146A006CA679 /* 2016_蓝桥校选_D.cpp */ = {isa = PBXFileReference; fileEncoding = 4; lastKnownFileType = sourcecode.cpp.cpp; path = "2016_蓝桥校选_D.cpp"; sourceTree = "<group>"; };
		A6CE48002015B73A004DE045 /* BJUT_OJ_1044.cpp */ = {isa = PBXFileReference; fileEncoding = 4; lastKnownFileType = sourcecode.cpp.cpp; path = BJUT_OJ_1044.cpp; sourceTree = "<group>"; };
		A6CFAFD91F1A152300BFBBD3 /* pat-top-1002.cpp */ = {isa = PBXFileReference; fileEncoding = 4; lastKnownFileType = sourcecode.cpp.cpp; path = "pat-top-1002.cpp"; sourceTree = "<group>"; };
		A6D1BDDF201818D600E32915 /* BJUT_OJ_1030.cpp */ = {isa = PBXFileReference; fileEncoding = 4; lastKnownFileType = sourcecode.cpp.cpp; path = BJUT_OJ_1030.cpp; sourceTree = "<group>"; };
		A6D423B51F22F8BE00BF8219 /* pat-basic-1013.cpp */ = {isa = PBXFileReference; fileEncoding = 4; lastKnownFileType = sourcecode.cpp.cpp; path = "pat-basic-1013.cpp"; sourceTree = "<group>"; };
		A6D423B71F22FE7400BF8219 /* pat-basic-1014.cpp */ = {isa = PBXFileReference; fileEncoding = 4; lastKnownFileType = sourcecode.cpp.cpp; path = "pat-basic-1014.cpp"; sourceTree = "<group>"; };
		A6D423B91F23065A00BF8219 /* pat-basic-1016.cpp */ = {isa = PBXFileReference; fileEncoding = 4; lastKnownFileType = sourcecode.cpp.cpp; path = "pat-basic-1016.cpp"; sourceTree = "<group>"; };
		A6D423BB1F231E9800BF8219 /* pat-basic-1018.cpp */ = {isa = PBXFileReference; fileEncoding = 4; lastKnownFileType = sourcecode.cpp.cpp; path = "pat-basic-1018.cpp"; sourceTree = "<group>"; };
		A6D423BD1F2323AF00BF8219 /* pat-basic-1017.cpp */ = {isa = PBXFileReference; fileEncoding = 4; lastKnownFileType = sourcecode.cpp.cpp; path = "pat-basic-1017.cpp"; sourceTree = "<group>"; };
		A6E2A5331FA42719008F9512 /* POJ_3069.cpp */ = {isa = PBXFileReference; fileEncoding = 4; lastKnownFileType = sourcecode.cpp.cpp; path = POJ_3069.cpp; sourceTree = "<group>"; };
		A6E566A71FD0F79A006D7DD3 /* BJUT_OJ_1004.cpp */ = {isa = PBXFileReference; fileEncoding = 4; lastKnownFileType = sourcecode.cpp.cpp; path = BJUT_OJ_1004.cpp; sourceTree = "<group>"; };
		A6E566A91FD0FAB1006D7DD3 /* BJUT_OJ_1028.cpp */ = {isa = PBXFileReference; fileEncoding = 4; lastKnownFileType = sourcecode.cpp.cpp; path = BJUT_OJ_1028.cpp; sourceTree = "<group>"; };
		A6E566AB1FD14A7B006D7DD3 /* BJUT_OJ_1093.cpp */ = {isa = PBXFileReference; fileEncoding = 4; lastKnownFileType = sourcecode.cpp.cpp; path = BJUT_OJ_1093.cpp; sourceTree = "<group>"; };
		A6E566AD1FD14D22006D7DD3 /* BJUT_OJ_1043.cpp */ = {isa = PBXFileReference; fileEncoding = 4; lastKnownFileType = sourcecode.cpp.cpp; path = BJUT_OJ_1043.cpp; sourceTree = "<group>"; };
		A6ED13391F41ADA700C0026B /* pat-basic-1031.cpp */ = {isa = PBXFileReference; fileEncoding = 4; lastKnownFileType = sourcecode.cpp.cpp; path = "pat-basic-1031.cpp"; sourceTree = "<group>"; };
		A6ED133B1F41C23000C0026B /* pat-basic-1033.cpp */ = {isa = PBXFileReference; fileEncoding = 4; lastKnownFileType = sourcecode.cpp.cpp; path = "pat-basic-1033.cpp"; sourceTree = "<group>"; };
		A6ED133D1F41C43C00C0026B /* pat-basic-1032.cpp */ = {isa = PBXFileReference; fileEncoding = 4; lastKnownFileType = sourcecode.cpp.cpp; path = "pat-basic-1032.cpp"; sourceTree = "<group>"; };
		A6ED133F1F41CB4800C0026B /* pat-basic-1036.cpp */ = {isa = PBXFileReference; fileEncoding = 4; lastKnownFileType = sourcecode.cpp.cpp; path = "pat-basic-1036.cpp"; sourceTree = "<group>"; };
		A6F127F5201EAFEA00AB30F2 /* BJUT_OJ_1058.cpp */ = {isa = PBXFileReference; fileEncoding = 4; lastKnownFileType = sourcecode.cpp.cpp; path = BJUT_OJ_1058.cpp; sourceTree = "<group>"; };
		A6F127F7201EB2C300AB30F2 /* BJUT_OJ_1084.cpp */ = {isa = PBXFileReference; fileEncoding = 4; lastKnownFileType = sourcecode.cpp.cpp; path = BJUT_OJ_1084.cpp; sourceTree = "<group>"; };
		A6F127F9201EBF8800AB30F2 /* BJUT_OJ_1033.cpp */ = {isa = PBXFileReference; fileEncoding = 4; lastKnownFileType = sourcecode.cpp.cpp; path = BJUT_OJ_1033.cpp; sourceTree = "<group>"; };
		A6F127FB201EC40B00AB30F2 /* BJUT_OJ_1016.cpp */ = {isa = PBXFileReference; fileEncoding = 4; lastKnownFileType = sourcecode.cpp.cpp; path = BJUT_OJ_1016.cpp; sourceTree = "<group>"; };
		A6F127FD201ECD9A00AB30F2 /* BJUT_OJ_1078.cpp */ = {isa = PBXFileReference; fileEncoding = 4; lastKnownFileType = sourcecode.cpp.cpp; path = BJUT_OJ_1078.cpp; sourceTree = "<group>"; };
		A6F772FD1F2AD5AD00CB1543 /* pat-basic-1020.cpp */ = {isa = PBXFileReference; fileEncoding = 4; lastKnownFileType = sourcecode.cpp.cpp; path = "pat-basic-1020.cpp"; sourceTree = "<group>"; };
		A6F772FF1F2B063F00CB1543 /* pat-basic-1021.cpp */ = {isa = PBXFileReference; fileEncoding = 4; lastKnownFileType = sourcecode.cpp.cpp; path = "pat-basic-1021.cpp"; sourceTree = "<group>"; };
		A6F773011F2B0B6B00CB1543 /* pat-basic-1022.cpp */ = {isa = PBXFileReference; fileEncoding = 4; lastKnownFileType = sourcecode.cpp.cpp; path = "pat-basic-1022.cpp"; sourceTree = "<group>"; };
		A6F98D4C1F56FA8500DA7698 /* pat-basic-1057.cpp */ = {isa = PBXFileReference; fileEncoding = 4; lastKnownFileType = sourcecode.cpp.cpp; path = "pat-basic-1057.cpp"; sourceTree = "<group>"; };
		A6FBEBB120148BA200F55A5B /* BJUT_OJ_1022.cpp */ = {isa = PBXFileReference; fileEncoding = 4; lastKnownFileType = sourcecode.cpp.cpp; path = BJUT_OJ_1022.cpp; sourceTree = "<group>"; };
		A6FE87211FB0881100BEC2BA /* POJ_3176.cpp */ = {isa = PBXFileReference; fileEncoding = 4; lastKnownFileType = sourcecode.cpp.cpp; path = POJ_3176.cpp; sourceTree = "<group>"; };
		A6FE87231FB09AB400BEC2BA /* POJ_1742.cpp */ = {isa = PBXFileReference; fileEncoding = 4; lastKnownFileType = sourcecode.cpp.cpp; path = POJ_1742.cpp; sourceTree = "<group>"; };
		A6FE87251FB0A6E800BEC2BA /* pat-basic-1002.cpp */ = {isa = PBXFileReference; fileEncoding = 4; lastKnownFileType = sourcecode.cpp.cpp; path = "pat-basic-1002.cpp"; sourceTree = "<group>"; };
		A6FF2D8720104FF80069CCF6 /* LQ-2017-B-04.cpp */ = {isa = PBXFileReference; fileEncoding = 4; lastKnownFileType = sourcecode.cpp.cpp; path = "LQ-2017-B-04.cpp"; sourceTree = "<group>"; };
/* End PBXFileReference section */

/* Begin PBXFrameworksBuildPhase section */
		A627F7D01EF8044900300B66 /* Frameworks */ = {
			isa = PBXFrameworksBuildPhase;
			buildActionMask = 2147483647;
			files = (
			);
			runOnlyForDeploymentPostprocessing = 0;
		};
/* End PBXFrameworksBuildPhase section */

/* Begin PBXGroup section */
		A627F7CA1EF8044900300B66 = {
			isa = PBXGroup;
			children = (
				A627F7D51EF8044900300B66 /* ACM */,
				A627F7D41EF8044900300B66 /* Products */,
			);
			sourceTree = "<group>";
		};
		A627F7D41EF8044900300B66 /* Products */ = {
			isa = PBXGroup;
			children = (
				A627F7D31EF8044900300B66 /* ACM */,
			);
			name = Products;
			sourceTree = "<group>";
		};
		A627F7D51EF8044900300B66 /* ACM */ = {
			isa = PBXGroup;
			children = (
				A6504A301FC3EFBA00726952 /* 2016_蓝桥校选_A.cpp */,
				A661BD3B1FC5BA4400D9A398 /* 2016_蓝桥校选_B.cpp */,
				A6C9FC871FC7146A006CA679 /* 2016_蓝桥校选_D.cpp */,
				A66A33F8201311E800A918EB /* BJUT_OJ_1001.cpp */,
				A66A33FA20132A0100A918EB /* BJUT_OJ_1002.cpp */,
				A6A2CE041FDAB8A30076EA4F /* BJUT_OJ_1094.cpp */,
				A6A2CE061FDAC7A80076EA4F /* BJUT_OJ_1083.cpp */,
				A66A33FC2013876E00A918EB /* BJUT_OJ_1095.cpp */,
				A6FBEBB120148BA200F55A5B /* BJUT_OJ_1022.cpp */,
				A67A7C122015F63800810BC7 /* BJUT_OJ_1024.cpp */,
				A67A7C142016100F00810BC7 /* BJUT_OJ_1032.cpp */,
				A6F127F9201EBF8800AB30F2 /* BJUT_OJ_1033.cpp */,
				A6F127FB201EC40B00AB30F2 /* BJUT_OJ_1016.cpp */,
				A6D1BDDF201818D600E32915 /* BJUT_OJ_1030.cpp */,
				A6F127F5201EAFEA00AB30F2 /* BJUT_OJ_1058.cpp */,
				A6F127FD201ECD9A00AB30F2 /* BJUT_OJ_1078.cpp */,
				A6F127F7201EB2C300AB30F2 /* BJUT_OJ_1084.cpp */,
				A6CE48002015B73A004DE045 /* BJUT_OJ_1044.cpp */,
				A62200CF1FCEF0E0003FF67E /* 2016_蓝桥校选_F.cpp */,
				A674139C1FEAB01F00086DF5 /* LQ-PREV-21.cpp */,
				A67A9B9E200EF9B4008A776C /* GPLT-L1-002.cpp */,
				A67A9BA0200EFABE008A776C /* GPLT-L1-003.cpp */,
				A6FF2D8720104FF80069CCF6 /* LQ-2017-B-04.cpp */,
				A62200D11FCEF69E003FF67E /* BJUT_OJ_1009.cpp */,
				A62200D91FCF00D2003FF67E /* BJUT_OJ_1017.cpp */,
				A6E566A71FD0F79A006D7DD3 /* BJUT_OJ_1004.cpp */,
				A6E566A91FD0FAB1006D7DD3 /* BJUT_OJ_1028.cpp */,
				A629BEE51FD24CA50014833B /* BJUT_OJ_1042.cpp */,
				A6B3F9121FD5339D002923B3 /* BJUT_OJ_1087.cpp */,
				A6E566AB1FD14A7B006D7DD3 /* BJUT_OJ_1093.cpp */,
				A6E566AD1FD14D22006D7DD3 /* BJUT_OJ_1043.cpp */,
				A6B3F9151FD533EC002923B3 /* BJUT_OJ_1091.cpp */,
				A6A2CE0A1FDACDF90076EA4F /* BJUT_OJ_1090.cpp */,
				A62200D31FCEF776003FF67E /* BJUT_OJ_1015.cpp */,
				A67A08901F9AE74900D0D961 /* 2017秋集训_P34.cpp */,
				A60F890E1F9F52A7002CAF71 /* 2017秋集训_P36.cpp */,
				A60F890C1F9F527B002CAF71 /* 2017秋集训_P39.cpp */,
				A60F89101F9F5A0B002CAF71 /* 2017秋集训_P41.cpp */,
				A69A72DC1FAB663200612054 /* 2017秋集训_P51.cpp */,
				A69FF2331FA9C3C5003D9CC9 /* 2017秋集训_2001.cpp */,
				A69FF2351FA9C424003D9CC9 /* 2017秋集训_2002.cpp */,
				A60B4C3A1FB3E4EA00010006 /* POJ_1631.cpp */,
				A62200D51FCEFDF9003FF67E /* BJUT_OJ_1042.cpp */,
				A62200D71FCEFF90003FF67E /* BJUT_OJ_1019.cpp */,
				A69FF2391FA9C4F7003D9CC9 /* bupt_DS_1027_B.cpp */,
				A6135C801FB56CC400559A52 /* bupt_DS_1110_A.cpp */,
				A68E2ADB1FB68A4900C3AB75 /* POJ_2533.cpp */,
				A69FF23B1FA9C554003D9CC9 /* bupt_DS_1027_C.cpp */,
				A69FF2411FA9EB5D003D9CC9 /* bupt_1027_DS_D.cpp */,
				A69FF23F1FA9EB1C003D9CC9 /* bupt_DS_1027_E.cpp */,
				A603C5D01F8FB3530074F28E /* pat-basic-1069.cpp */,
				A60899542011FEA3006B5692 /* POJ_1064.cpp */,
				A60B4C361FB2C6FB00010006 /* POJ_1065.cpp */,
				A6FE87231FB09AB400BEC2BA /* POJ_1742.cpp */,
				A60B4C381FB3504800010006 /* POJ_2385.cpp */,
				A61670151F80D5560038D05E /* POJ_3820.cpp */,
				A61670171F8137E90038D05E /* POJ_3766.cpp */,
				A6A828F41F7D6DC3004DA169 /* POJ_3988.cpp */,
				A6E2A5331FA42719008F9512 /* POJ_3069.cpp */,
				A69FF2451FAA322B003D9CC9 /* POJ_3040.cpp */,
				A608995620121A26006B5692 /* POJ_2456.cpp */,
				A66A33F62013005E00A918EB /* POJ_3061.cpp */,
				A66A33F42012E89B00A918EB /* pat-basic-1064.cpp */,
				A6FE87211FB0881100BEC2BA /* POJ_3176.cpp */,
				A69FF23D1FA9C5DE003D9CC9 /* POJ_3617.cpp */,
				A69FF2431FAA0757003D9CC9 /* POJ_2376.cpp */,
				A627F7D61EF8044900300B66 /* 1052.cpp */,
				A68372C71F6507CD006A8BDC /* 2017_icpc_SY_04.cpp */,
				A6A828F21F7CD145004DA169 /* bjut_oj_新生赛.cpp */,
				A6B4A0751F792FCC00FA14A4 /* 2017_icpc_naning_1.cpp */,
				A6B4A0771F792FFF00FA14A4 /* 2017_icpc_nanning_3.cpp */,
				A6C017741F55A47F000CC3D8 /* Bash Game.cpp */,
				A637EBC51F48117800555D1F /* ccpc-1004.cpp */,
				A627F7E11EF8088F00300B66 /* 1053.cpp */,
				A627F7E51EF92AEB00300B66 /* 1056.cpp */,
				A627F7E31EF811EE00300B66 /* 1055.cpp */,
				A687F6DE1F5FBB0800D943F7 /* 2017_ICPC_GuangXi_01.cpp */,
				A687F6E01F6175A900D943F7 /* 2015_ICPC_ShenYang_04.cpp */,
				A68E80A61F72B4DF00267E6D /* 2017_icpc_qd.cpp */,
				A687F6E21F639E4100D943F7 /* 17_icpc_XJ_01.cpp */,
				A68372C51F64EDF8006A8BDC /* 17_icpc_XJ_数论.cpp */,
				A627F7E71EF93BE000300B66 /* 1003.cpp */,
				A6BF0C401F0B2D550083A833 /* pat-basic-1001.cpp */,
				A6FE87251FB0A6E800BEC2BA /* pat-basic-1002.cpp */,
				A6BF0C601F0C97D40083A833 /* pat-basic-1003.cpp */,
				A6BF0C3E1F09EC290083A833 /* pat-basic-1004.cpp */,
				A684D09E1F0DD33D00BC13F0 /* pat-basic-1005.cpp */,
				A6BF0C471F0B80D40083A833 /* pat-basic-1006.cpp */,
				A6B707FD1F15C87800B243DE /* pat-basic-1007.cpp */,
				A6B707F51F14C7FB00B243DE /* pat-basic-1008.cpp */,
				A6B707F71F14D21900B243DE /* pat-basic-1009.cpp */,
				A6B2217A1F18EE84006B24F7 /* pat-basic-1010.cpp */,
				A6B707F91F15B3BA00B243DE /* pat-basic-1011.cpp */,
				A6B707FB1F15B69F00B243DE /* pat-basic-1012.cpp */,
				A6D423B51F22F8BE00BF8219 /* pat-basic-1013.cpp */,
				A6D423B71F22FE7400BF8219 /* pat-basic-1014.cpp */,
				A6D423B91F23065A00BF8219 /* pat-basic-1016.cpp */,
				A6D423BD1F2323AF00BF8219 /* pat-basic-1017.cpp */,
				A6D423BB1F231E9800BF8219 /* pat-basic-1018.cpp */,
				A6580EB91F2898BB00DE9D7B /* pat-basic-1019.cpp */,
				A6F772FD1F2AD5AD00CB1543 /* pat-basic-1020.cpp */,
				A6F772FF1F2B063F00CB1543 /* pat-basic-1021.cpp */,
				A6F773011F2B0B6B00CB1543 /* pat-basic-1022.cpp */,
				A60DA36F1F2C20A7002E6C06 /* pat-basic-1023.cpp */,
				A60DA3711F2C20B7002E6C06 /* pat-basic-1024.cpp */,
				A61DFA561F2ED88B00EF8986 /* pat-basic-1026.cpp */,
				A661EB7E1F300BDB007E3A6F /* pat-basic-1029.cpp */,
				A6AFD9491F342D0100E3DCFE /* pat-basic-1027.cpp */,
				A6ED13391F41ADA700C0026B /* pat-basic-1031.cpp */,
				A6ED133D1F41C43C00C0026B /* pat-basic-1032.cpp */,
				A6ED133B1F41C23000C0026B /* pat-basic-1033.cpp */,
				A6ED133F1F41CB4800C0026B /* pat-basic-1036.cpp */,
				A6B4CC421F45CE7E0064A3B4 /* pat-basic-1037.cpp */,
				A6AE9FBE1F456C280093FC70 /* pat-basic-1038.cpp */,
				A6AE9FC01F45796F0093FC70 /* pat-basic-1039.cpp */,
				A6067CE61F46F99100877548 /* pat-basic-1040.cpp */,
				A6067CE81F46FE7600877548 /* pat-basic-1041.cpp */,
				A6067CEA1F47118500877548 /* pat-basic-1042.cpp */,
				A6067CEC1F471A7600877548 /* pat-basic-1043.cpp */,
				A65A669E1F4B03A100370503 /* pat-basic-1046.cpp */,
				A65A66A01F4B067F00370503 /* pat-basic-1047.cpp */,
				A61EFE201F4C466F000BE258 /* pat-basic-1049.cpp */,
				A6A004261F4D2A2100B23641 /* pat-basic-1050.cpp */,
				A6F98D4C1F56FA8500DA7698 /* pat-basic-1057.cpp */,
				A67978032010D91F00CAA95A /* pat-basic-1060.cpp */,
				A655D7501F5C1EAB00CE7C75 /* turnon_ntfs.cpp */,
				A637EBC31F47EE4900555D1F /* pat-basic-1061.cpp */,
				A6B4A0791F794E5200FA14A4 /* pat-basic-1067.cpp */,
				A6734F562011DB7A00E881A2 /* pat-basic-1076.cpp */,
				A6734F582011E7DC00E881A2 /* pat-basic-1078.cpp */,
				A6BF0C491F0B935F0083A833 /* pat-advance-1001.cpp */,
				A6BF0C4B1F0BA6DD0083A833 /* pat-advance-1002.cpp */,
				A60DA3751F2C83E3002E6C06 /* pat-advance-1007.cpp */,
				A67B429A1F10D82000E9BA66 /* pat-advance-1002-2.cpp */,
				A60DA3731F2C4559002E6C06 /* pat-advance-1011.cpp */,
				A67B42981F10A32C00E9BA66 /* pat-advance-1003.cpp */,
				A62887FA1F175E5500D05910 /* pat-advance-1004.cpp */,
				A62887F61F173C1000D05910 /* pat-advance-1005.cpp */,
				A62887F81F1751A000D05910 /* pat-advance-1006.cpp */,
				A64255E11F35966000C9DA60 /* pat-advance-1015.cpp */,
				A69A266D1F347427001339DF /* pat-basic-1030.cpp */,
				A67B42961F1070BB00E9BA66 /* pat-top-1001.cpp */,
				A6CFAFD91F1A152300BFBBD3 /* pat-top-1002.cpp */,
				A6AE9FBC1F456AD30093FC70 /* 百度之星A1.cpp */,
			);
			path = ACM;
			sourceTree = "<group>";
		};
/* End PBXGroup section */

/* Begin PBXNativeTarget section */
		A627F7D21EF8044900300B66 /* ACM */ = {
			isa = PBXNativeTarget;
			buildConfigurationList = A627F7DA1EF8044900300B66 /* Build configuration list for PBXNativeTarget "ACM" */;
			buildPhases = (
				A627F7CF1EF8044900300B66 /* Sources */,
				A627F7D01EF8044900300B66 /* Frameworks */,
				A627F7D11EF8044900300B66 /* CopyFiles */,
			);
			buildRules = (
			);
			dependencies = (
			);
			name = ACM;
			productName = ACM;
			productReference = A627F7D31EF8044900300B66 /* ACM */;
			productType = "com.apple.product-type.tool";
		};
/* End PBXNativeTarget section */

/* Begin PBXProject section */
		A627F7CB1EF8044900300B66 /* Project object */ = {
			isa = PBXProject;
			attributes = {
				LastUpgradeCheck = 0830;
				ORGANIZATIONNAME = "王子豪";
				TargetAttributes = {
					A627F7D21EF8044900300B66 = {
						CreatedOnToolsVersion = 8.3.3;
						DevelopmentTeam = CN8CRUGH2F;
						ProvisioningStyle = Automatic;
					};
				};
			};
			buildConfigurationList = A627F7CE1EF8044900300B66 /* Build configuration list for PBXProject "ACM" */;
			compatibilityVersion = "Xcode 3.2";
			developmentRegion = English;
			hasScannedForEncodings = 0;
			knownRegions = (
				en,
			);
			mainGroup = A627F7CA1EF8044900300B66;
			productRefGroup = A627F7D41EF8044900300B66 /* Products */;
			projectDirPath = "";
			projectRoot = "";
			targets = (
				A627F7D21EF8044900300B66 /* ACM */,
			);
		};
/* End PBXProject section */

/* Begin PBXSourcesBuildPhase section */
		A627F7CF1EF8044900300B66 /* Sources */ = {
			isa = PBXSourcesBuildPhase;
			buildActionMask = 2147483647;
			files = (
				A6BF0C611F0C97D40083A833 /* pat-basic-1003.cpp in Sources */,
				A66A33F72013005E00A918EB /* POJ_3061.cpp in Sources */,
				A60DA3761F2C83E3002E6C06 /* pat-advance-1007.cpp in Sources */,
				A67A9B9F200EF9B4008A776C /* GPLT-L1-002.cpp in Sources */,
				A67B42991F10A32C00E9BA66 /* pat-advance-1003.cpp in Sources */,
				A6F772FE1F2AD5AD00CB1543 /* pat-basic-1020.cpp in Sources */,
				A6A004271F4D2A2100B23641 /* pat-basic-1050.cpp in Sources */,
				A69FF2401FA9EB1C003D9CC9 /* bupt_DS_1027_E.cpp in Sources */,
				A69A266E1F347427001339DF /* pat-basic-1030.cpp in Sources */,
				A6D423B81F22FE7400BF8219 /* pat-basic-1014.cpp in Sources */,
				A6BF0C4C1F0BA6DD0083A833 /* pat-advance-1002.cpp in Sources */,
				A62200D21FCEF69E003FF67E /* BJUT_OJ_1009.cpp in Sources */,
				A6B707F61F14C7FB00B243DE /* pat-basic-1008.cpp in Sources */,
				A6FE87221FB0881100BEC2BA /* POJ_3176.cpp in Sources */,
				A6B707FC1F15B69F00B243DE /* pat-basic-1012.cpp in Sources */,
				A60F890F1F9F52A7002CAF71 /* 2017秋集训_P36.cpp in Sources */,
				A627F7E41EF811EE00300B66 /* 1055.cpp in Sources */,
				A60899552011FEA3006B5692 /* POJ_1064.cpp in Sources */,
				A62887F91F1751A000D05910 /* pat-advance-1006.cpp in Sources */,
				A6C9FC881FC7146A006CA679 /* 2016_蓝桥校选_D.cpp in Sources */,
				A637EBC61F48117800555D1F /* ccpc-1004.cpp in Sources */,
				A6B4CC431F45CE7E0064A3B4 /* pat-basic-1037.cpp in Sources */,
				A6A2CE051FDAB8A30076EA4F /* BJUT_OJ_1094.cpp in Sources */,
				A69FF23C1FA9C554003D9CC9 /* bupt_DS_1027_C.cpp in Sources */,
				A627F7E61EF92AEB00300B66 /* 1056.cpp in Sources */,
				A6B4A07A1F794E5300FA14A4 /* pat-basic-1067.cpp in Sources */,
				A6A2CE0B1FDACDF90076EA4F /* BJUT_OJ_1090.cpp in Sources */,
				A64255E21F35966000C9DA60 /* pat-advance-1015.cpp in Sources */,
				A62200D81FCEFF90003FF67E /* BJUT_OJ_1019.cpp in Sources */,
				A68372C61F64EDF8006A8BDC /* 17_icpc_XJ_数论.cpp in Sources */,
				A6AE9FBF1F456C280093FC70 /* pat-basic-1038.cpp in Sources */,
				A65A669F1F4B03A100370503 /* pat-basic-1046.cpp in Sources */,
				A6ED133A1F41ADA700C0026B /* pat-basic-1031.cpp in Sources */,
				A6B707FE1F15C87800B243DE /* pat-basic-1007.cpp in Sources */,
				A6B4A0781F792FFF00FA14A4 /* 2017_icpc_nanning_3.cpp in Sources */,
				A6067CE91F46FE7600877548 /* pat-basic-1041.cpp in Sources */,
				A6504A311FC3EFBA00726952 /* 2016_蓝桥校选_A.cpp in Sources */,
				A6CFAFDA1F1A152300BFBBD3 /* pat-top-1002.cpp in Sources */,
				A629BEE61FD24CA50014833B /* BJUT_OJ_1042.cpp in Sources */,
				A6FE87261FB0A6E800BEC2BA /* pat-basic-1002.cpp in Sources */,
				A6B3F9161FD533EC002923B3 /* BJUT_OJ_1091.cpp in Sources */,
				A69FF23E1FA9C5DE003D9CC9 /* POJ_3617.cpp in Sources */,
				A6067CE71F46F99100877548 /* pat-basic-1040.cpp in Sources */,
				A627F7E21EF8088F00300B66 /* 1053.cpp in Sources */,
				A65A66A11F4B067F00370503 /* pat-basic-1047.cpp in Sources */,
				A674139D1FEAB01F00086DF5 /* LQ-PREV-21.cpp in Sources */,
				A6A828F51F7D6DC3004DA169 /* POJ_3988.cpp in Sources */,
				A6F773021F2B0B6B00CB1543 /* pat-basic-1022.cpp in Sources */,
				A69FF2441FAA0757003D9CC9 /* POJ_2376.cpp in Sources */,
				A68372C81F6507CD006A8BDC /* 2017_icpc_SY_04.cpp in Sources */,
				A60B4C371FB2C6FB00010006 /* POJ_1065.cpp in Sources */,
				A62887F71F173C1000D05910 /* pat-advance-1005.cpp in Sources */,
				A6B3F9141FD5339D002923B3 /* BJUT_OJ_1087.cpp in Sources */,
				A60DA3721F2C20B7002E6C06 /* pat-basic-1024.cpp in Sources */,
				A6F127FC201EC40B00AB30F2 /* BJUT_OJ_1016.cpp in Sources */,
				A62200D61FCEFDF9003FF67E /* BJUT_OJ_1042.cpp in Sources */,
				A6E2A5341FA42719008F9512 /* POJ_3069.cpp in Sources */,
				A6D423BC1F231E9800BF8219 /* pat-basic-1018.cpp in Sources */,
				A60B4C391FB3504800010006 /* POJ_2385.cpp in Sources */,
				A66A33FB20132A0100A918EB /* BJUT_OJ_1002.cpp in Sources */,
				A61670181F8137E90038D05E /* POJ_3766.cpp in Sources */,
				A69FF2421FA9EB5D003D9CC9 /* bupt_1027_DS_D.cpp in Sources */,
				A69A72DD1FAB663200612054 /* 2017秋集训_P51.cpp in Sources */,
				A61EFE211F4C466F000BE258 /* pat-basic-1049.cpp in Sources */,
				A661EB7F1F300BDB007E3A6F /* pat-basic-1029.cpp in Sources */,
				A61670161F80D5560038D05E /* POJ_3820.cpp in Sources */,
				A60F89111F9F5A0B002CAF71 /* 2017秋集训_P41.cpp in Sources */,
				A661BD3C1FC5BA4400D9A398 /* 2016_蓝桥校选_B.cpp in Sources */,
				A6580EBA1F2898BB00DE9D7B /* pat-basic-1019.cpp in Sources */,
				A6D423B61F22F8BE00BF8219 /* pat-basic-1013.cpp in Sources */,
				A6FE87241FB09AB400BEC2BA /* POJ_1742.cpp in Sources */,
				A60F890D1F9F527B002CAF71 /* 2017秋集训_P39.cpp in Sources */,
				A67A7C152016100F00810BC7 /* BJUT_OJ_1032.cpp in Sources */,
				A69FF23A1FA9C4F7003D9CC9 /* bupt_DS_1027_B.cpp in Sources */,
				A627F7D71EF8044900300B66 /* 1052.cpp in Sources */,
				A627F7E81EF93BE000300B66 /* 1003.cpp in Sources */,
				A6ED133E1F41C43C00C0026B /* pat-basic-1032.cpp in Sources */,
				A655D7511F5C1EAB00CE7C75 /* turnon_ntfs.cpp in Sources */,
				A6F127F8201EB2C300AB30F2 /* BJUT_OJ_1084.cpp in Sources */,
				A6BF0C4A1F0B935F0083A833 /* pat-advance-1001.cpp in Sources */,
				A67978042010D91F00CAA95A /* pat-basic-1060.cpp in Sources */,
				A67B429B1F10D82000E9BA66 /* pat-advance-1002-2.cpp in Sources */,
				A6067CEB1F47118500877548 /* pat-basic-1042.cpp in Sources */,
				A6ED13401F41CB4800C0026B /* pat-basic-1036.cpp in Sources */,
				A68E2ADC1FB68A4900C3AB75 /* POJ_2533.cpp in Sources */,
				A6D1BDE0201818D600E32915 /* BJUT_OJ_1030.cpp in Sources */,
				A6D423BA1F23065A00BF8219 /* pat-basic-1016.cpp in Sources */,
				A6B707F81F14D21900B243DE /* pat-basic-1009.cpp in Sources */,
				A67B42971F1070BB00E9BA66 /* pat-top-1001.cpp in Sources */,
				A608995720121A26006B5692 /* POJ_2456.cpp in Sources */,
				A6CE48012015B73A004DE045 /* BJUT_OJ_1044.cpp in Sources */,
				A60DA3701F2C20A7002E6C06 /* pat-basic-1023.cpp in Sources */,
				A6C017751F55A47F000CC3D8 /* Bash Game.cpp in Sources */,
				A60B4C3B1FB3E4EA00010006 /* POJ_1631.cpp in Sources */,
				A6E566AE1FD14D22006D7DD3 /* BJUT_OJ_1043.cpp in Sources */,
				A6F127FA201EBF8800AB30F2 /* BJUT_OJ_1033.cpp in Sources */,
				A6B4A0761F792FCC00FA14A4 /* 2017_icpc_naning_1.cpp in Sources */,
				A66A33F52012E89B00A918EB /* pat-basic-1064.cpp in Sources */,
				A687F6DF1F5FBB0800D943F7 /* 2017_ICPC_GuangXi_01.cpp in Sources */,
				A6734F572011DB7A00E881A2 /* pat-basic-1076.cpp in Sources */,
				A6AE9FBD1F456AD30093FC70 /* 百度之星A1.cpp in Sources */,
				A687F6E31F639E4100D943F7 /* 17_icpc_XJ_01.cpp in Sources */,
				A61DFA571F2ED88B00EF8986 /* pat-basic-1026.cpp in Sources */,
				A687F6E11F6175A900D943F7 /* 2015_ICPC_ShenYang_04.cpp in Sources */,
				A6FBEBB220148BA200F55A5B /* BJUT_OJ_1022.cpp in Sources */,
				A6D423BE1F2323AF00BF8219 /* pat-basic-1017.cpp in Sources */,
				A6F127F6201EAFEA00AB30F2 /* BJUT_OJ_1058.cpp in Sources */,
				A603C5D11F8FB3530074F28E /* pat-basic-1069.cpp in Sources */,
				A67A08911F9AE74900D0D961 /* 2017秋集训_P34.cpp in Sources */,
				A6F98D4D1F56FA8600DA7698 /* pat-basic-1057.cpp in Sources */,
				A6A2CE071FDAC7A80076EA4F /* BJUT_OJ_1083.cpp in Sources */,
				A62200D41FCEF776003FF67E /* BJUT_OJ_1015.cpp in Sources */,
				A6E566AA1FD0FAB1006D7DD3 /* BJUT_OJ_1028.cpp in Sources */,
				A66A33F9201311E800A918EB /* BJUT_OJ_1001.cpp in Sources */,
				A62200DA1FCF00D2003FF67E /* BJUT_OJ_1017.cpp in Sources */,
				A69FF2461FAA322B003D9CC9 /* POJ_3040.cpp in Sources */,
				A6BF0C421F0B2D550083A833 /* pat-basic-1001.cpp in Sources */,
				A6135C811FB56CC400559A52 /* bupt_DS_1110_A.cpp in Sources */,
				A6E566AC1FD14A7B006D7DD3 /* BJUT_OJ_1093.cpp in Sources */,
				A6067CED1F471A7600877548 /* pat-basic-1043.cpp in Sources */,
				A62887FB1F175E5500D05910 /* pat-advance-1004.cpp in Sources */,
				A6AFD94A1F342D0100E3DCFE /* pat-basic-1027.cpp in Sources */,
				A637EBC41F47EE4900555D1F /* pat-basic-1061.cpp in Sources */,
				A62200D01FCEF0E0003FF67E /* 2016_蓝桥校选_F.cpp in Sources */,
				A6A828F31F7CD145004DA169 /* bjut_oj_新生赛.cpp in Sources */,
				A6F127FE201ECD9A00AB30F2 /* BJUT_OJ_1078.cpp in Sources */,
				A6BF0C3F1F09EC290083A833 /* pat-basic-1004.cpp in Sources */,
				A684D09F1F0DD33D00BC13F0 /* pat-basic-1005.cpp in Sources */,
				A60DA3741F2C4559002E6C06 /* pat-advance-1011.cpp in Sources */,
				A6ED133C1F41C23000C0026B /* pat-basic-1033.cpp in Sources */,
				A6FF2D8820104FF80069CCF6 /* LQ-2017-B-04.cpp in Sources */,
				A6F773001F2B063F00CB1543 /* pat-basic-1021.cpp in Sources */,
				A6B707FA1F15B3BA00B243DE /* pat-basic-1011.cpp in Sources */,
				A66A33FD2013876E00A918EB /* BJUT_OJ_1095.cpp in Sources */,
				A6E566A81FD0F79A006D7DD3 /* BJUT_OJ_1004.cpp in Sources */,
				A68E80A71F72B4DF00267E6D /* 2017_icpc_qd.cpp in Sources */,
				A6734F592011E7DC00E881A2 /* pat-basic-1078.cpp in Sources */,
				A67A9BA1200EFABE008A776C /* GPLT-L1-003.cpp in Sources */,
				A69FF2341FA9C3C5003D9CC9 /* 2017秋集训_2001.cpp in Sources */,
				A67A7C132015F63800810BC7 /* BJUT_OJ_1024.cpp in Sources */,
				A6AE9FC11F45796F0093FC70 /* pat-basic-1039.cpp in Sources */,
				A6BF0C481F0B80D40083A833 /* pat-basic-1006.cpp in Sources */,
				A69FF2361FA9C424003D9CC9 /* 2017秋集训_2002.cpp in Sources */,
				A6B2217B1F18EE84006B24F7 /* pat-basic-1010.cpp in Sources */,
			);
			runOnlyForDeploymentPostprocessing = 0;
		};
/* End PBXSourcesBuildPhase section */

/* Begin XCBuildConfiguration section */
		A627F7D81EF8044900300B66 /* Debug */ = {
			isa = XCBuildConfiguration;
			buildSettings = {
				ALWAYS_SEARCH_USER_PATHS = NO;
				CLANG_ANALYZER_NONNULL = YES;
				CLANG_ANALYZER_NUMBER_OBJECT_CONVERSION = YES_AGGRESSIVE;
				CLANG_CXX_LANGUAGE_STANDARD = "gnu++0x";
				CLANG_CXX_LIBRARY = "libc++";
				CLANG_ENABLE_MODULES = YES;
				CLANG_ENABLE_OBJC_ARC = YES;
				CLANG_WARN_BOOL_CONVERSION = YES;
				CLANG_WARN_CONSTANT_CONVERSION = YES;
				CLANG_WARN_DIRECT_OBJC_ISA_USAGE = YES_ERROR;
				CLANG_WARN_DOCUMENTATION_COMMENTS = YES;
				CLANG_WARN_EMPTY_BODY = YES;
				CLANG_WARN_ENUM_CONVERSION = YES;
				CLANG_WARN_INFINITE_RECURSION = YES;
				CLANG_WARN_INT_CONVERSION = YES;
				CLANG_WARN_OBJC_ROOT_CLASS = YES_ERROR;
				CLANG_WARN_SUSPICIOUS_MOVE = YES;
				CLANG_WARN_UNREACHABLE_CODE = YES;
				CLANG_WARN__DUPLICATE_METHOD_MATCH = YES;
				CODE_SIGN_IDENTITY = "-";
				COPY_PHASE_STRIP = NO;
				DEBUG_INFORMATION_FORMAT = dwarf;
				ENABLE_STRICT_OBJC_MSGSEND = YES;
				ENABLE_TESTABILITY = YES;
				GCC_C_LANGUAGE_STANDARD = gnu99;
				GCC_DYNAMIC_NO_PIC = NO;
				GCC_NO_COMMON_BLOCKS = YES;
				GCC_OPTIMIZATION_LEVEL = 0;
				GCC_PREPROCESSOR_DEFINITIONS = (
					"DEBUG=1",
					"$(inherited)",
				);
				GCC_WARN_64_TO_32_BIT_CONVERSION = YES;
				GCC_WARN_ABOUT_RETURN_TYPE = YES_ERROR;
				GCC_WARN_UNDECLARED_SELECTOR = YES;
				GCC_WARN_UNINITIALIZED_AUTOS = YES_AGGRESSIVE;
				GCC_WARN_UNUSED_FUNCTION = YES;
				GCC_WARN_UNUSED_VARIABLE = YES;
				MACOSX_DEPLOYMENT_TARGET = 10.12;
				MTL_ENABLE_DEBUG_INFO = YES;
				ONLY_ACTIVE_ARCH = YES;
				SDKROOT = macosx;
			};
			name = Debug;
		};
		A627F7D91EF8044900300B66 /* Release */ = {
			isa = XCBuildConfiguration;
			buildSettings = {
				ALWAYS_SEARCH_USER_PATHS = NO;
				CLANG_ANALYZER_NONNULL = YES;
				CLANG_ANALYZER_NUMBER_OBJECT_CONVERSION = YES_AGGRESSIVE;
				CLANG_CXX_LANGUAGE_STANDARD = "gnu++0x";
				CLANG_CXX_LIBRARY = "libc++";
				CLANG_ENABLE_MODULES = YES;
				CLANG_ENABLE_OBJC_ARC = YES;
				CLANG_WARN_BOOL_CONVERSION = YES;
				CLANG_WARN_CONSTANT_CONVERSION = YES;
				CLANG_WARN_DIRECT_OBJC_ISA_USAGE = YES_ERROR;
				CLANG_WARN_DOCUMENTATION_COMMENTS = YES;
				CLANG_WARN_EMPTY_BODY = YES;
				CLANG_WARN_ENUM_CONVERSION = YES;
				CLANG_WARN_INFINITE_RECURSION = YES;
				CLANG_WARN_INT_CONVERSION = YES;
				CLANG_WARN_OBJC_ROOT_CLASS = YES_ERROR;
				CLANG_WARN_SUSPICIOUS_MOVE = YES;
				CLANG_WARN_UNREACHABLE_CODE = YES;
				CLANG_WARN__DUPLICATE_METHOD_MATCH = YES;
				CODE_SIGN_IDENTITY = "-";
				COPY_PHASE_STRIP = NO;
				DEBUG_INFORMATION_FORMAT = "dwarf-with-dsym";
				ENABLE_NS_ASSERTIONS = NO;
				ENABLE_STRICT_OBJC_MSGSEND = YES;
				GCC_C_LANGUAGE_STANDARD = gnu99;
				GCC_NO_COMMON_BLOCKS = YES;
				GCC_WARN_64_TO_32_BIT_CONVERSION = YES;
				GCC_WARN_ABOUT_RETURN_TYPE = YES_ERROR;
				GCC_WARN_UNDECLARED_SELECTOR = YES;
				GCC_WARN_UNINITIALIZED_AUTOS = YES_AGGRESSIVE;
				GCC_WARN_UNUSED_FUNCTION = YES;
				GCC_WARN_UNUSED_VARIABLE = YES;
				MACOSX_DEPLOYMENT_TARGET = 10.12;
				MTL_ENABLE_DEBUG_INFO = NO;
				SDKROOT = macosx;
			};
			name = Release;
		};
		A627F7DB1EF8044900300B66 /* Debug */ = {
			isa = XCBuildConfiguration;
			buildSettings = {
				DEVELOPMENT_TEAM = CN8CRUGH2F;
				PRODUCT_NAME = "$(TARGET_NAME)";
			};
			name = Debug;
		};
		A627F7DC1EF8044900300B66 /* Release */ = {
			isa = XCBuildConfiguration;
			buildSettings = {
				DEVELOPMENT_TEAM = CN8CRUGH2F;
				PRODUCT_NAME = "$(TARGET_NAME)";
			};
			name = Release;
		};
/* End XCBuildConfiguration section */

/* Begin XCConfigurationList section */
		A627F7CE1EF8044900300B66 /* Build configuration list for PBXProject "ACM" */ = {
			isa = XCConfigurationList;
			buildConfigurations = (
				A627F7D81EF8044900300B66 /* Debug */,
				A627F7D91EF8044900300B66 /* Release */,
			);
			defaultConfigurationIsVisible = 0;
			defaultConfigurationName = Release;
		};
		A627F7DA1EF8044900300B66 /* Build configuration list for PBXNativeTarget "ACM" */ = {
			isa = XCConfigurationList;
			buildConfigurations = (
				A627F7DB1EF8044900300B66 /* Debug */,
				A627F7DC1EF8044900300B66 /* Release */,
			);
			defaultConfigurationIsVisible = 0;
			defaultConfigurationName = Release;
		};
/* End XCConfigurationList section */
	};
	rootObject = A627F7CB1EF8044900300B66 /* Project object */;
}
